
Microsoft Visual Studio Solution File, Format Version 11.00
# Visual Studio 2010
Project("{2150E333-8FDC-42A3-9474-1A3956D46DE8}") = "Solution Items", "Solution Items", "{83517BB8-F42D-4249-8B7F-A982115CF47E}"
	ProjectSection(SolutionItems) = preProject
		TraceAndTestImpact.testsettings = TraceAndTestImpact.testsettings
	EndProjectSection
EndProject
Project("{FAE04EC0-301F-11D3-BF4B-00C04F79EFBC}") = "ServiceTester", "ServiceTester\ServiceTester.csproj", "{0D608B81-23CB-4814-94A3-663E9A7BDE62}"
EndProject
Project("{FAE04EC0-301F-11D3-BF4B-00C04F79EFBC}") = "Messages", "Messages\Messages.csproj", "{94C4DF5B-1566-4ACC-9BD3-167AAC83F9FD}"
EndProject
Global
	GlobalSection(TestCaseManagementSettings) = postSolution
		CategoryFile = MessageGenerationOnly.vsmdi
	EndGlobalSection
	GlobalSection(SolutionConfigurationPlatforms) = preSolution
		Debug|Any CPU = Debug|Any CPU
		Debug|Mixed Platforms = Debug|Mixed Platforms
		Debug|Win32 = Debug|Win32
		Debug|x86 = Debug|x86
		Release|Any CPU = Release|Any CPU
		Release|Mixed Platforms = Release|Mixed Platforms
		Release|Win32 = Release|Win32
		Release|x86 = Release|x86
		Template|Any CPU = Template|Any CPU
		Template|Mixed Platforms = Template|Mixed Platforms
		Template|Win32 = Template|Win32
		Template|x86 = Template|x86
	EndGlobalSection
	GlobalSection(ProjectConfigurationPlatforms) = postSolution
		{0D608B81-23CB-4814-94A3-663E9A7BDE62}.Debug|Any CPU.ActiveCfg = Debug|x86
		{0D608B81-23CB-4814-94A3-663E9A7BDE62}.Debug|Mixed Platforms.ActiveCfg = Debug|x86
		{0D608B81-23CB-4814-94A3-663E9A7BDE62}.Debug|Mixed Platforms.Build.0 = Debug|x86
		{0D608B81-23CB-4814-94A3-663E9A7BDE62}.Debug|Win32.ActiveCfg = Debug|x86
		{0D608B81-23CB-4814-94A3-663E9A7BDE62}.Debug|x86.ActiveCfg = Debug|x86
		{0D608B81-23CB-4814-94A3-663E9A7BDE62}.Debug|x86.Build.0 = Debug|x86
		{0D608B81-23CB-4814-94A3-663E9A7BDE62}.Release|Any CPU.ActiveCfg = Release|x86
		{0D608B81-23CB-4814-94A3-663E9A7BDE62}.Release|Mixed Platforms.ActiveCfg = Release|x86
		{0D608B81-23CB-4814-94A3-663E9A7BDE62}.Release|Mixed Platforms.Build.0 = Release|x86
		{0D608B81-23CB-4814-94A3-663E9A7BDE62}.Release|Win32.ActiveCfg = Release|x86
		{0D608B81-23CB-4814-94A3-663E9A7BDE62}.Release|x86.ActiveCfg = Release|x86
		{0D608B81-23CB-4814-94A3-663E9A7BDE62}.Release|x86.Build.0 = Release|x86
		{0D608B81-23CB-4814-94A3-663E9A7BDE62}.Template|Any CPU.ActiveCfg = Release|x86
		{0D608B81-23CB-4814-94A3-663E9A7BDE62}.Template|Mixed Platforms.ActiveCfg = Release|x86
		{0D608B81-23CB-4814-94A3-663E9A7BDE62}.Template|Mixed Platforms.Build.0 = Release|x86
		{0D608B81-23CB-4814-94A3-663E9A7BDE62}.Template|Win32.ActiveCfg = Release|x86
		{0D608B81-23CB-4814-94A3-663E9A7BDE62}.Template|x86.ActiveCfg = Release|x86
		{0D608B81-23CB-4814-94A3-663E9A7BDE62}.Template|x86.Build.0 = Release|x86
		{94C4DF5B-1566-4ACC-9BD3-167AAC83F9FD}.Debug|Any CPU.ActiveCfg = Debug|Any CPU
		{94C4DF5B-1566-4ACC-9BD3-167AAC83F9FD}.Debug|Any CPU.Build.0 = Debug|Any CPU
		{94C4DF5B-1566-4ACC-9BD3-167AAC83F9FD}.Debug|Mixed Platforms.ActiveCfg = Debug|Any CPU
		{94C4DF5B-1566-4ACC-9BD3-167AAC83F9FD}.Debug|Mixed Platforms.Build.0 = Debug|Any CPU
		{94C4DF5B-1566-4ACC-9BD3-167AAC83F9FD}.Debug|Win32.ActiveCfg = Debug|Any CPU
		{94C4DF5B-1566-4ACC-9BD3-167AAC83F9FD}.Debug|x86.ActiveCfg = Debug|Any CPU
		{94C4DF5B-1566-4ACC-9BD3-167AAC83F9FD}.Release|Any CPU.ActiveCfg = Release|Any CPU
		{94C4DF5B-1566-4ACC-9BD3-167AAC83F9FD}.Release|Any CPU.Build.0 = Release|Any CPU
		{94C4DF5B-1566-4ACC-9BD3-167AAC83F9FD}.Release|Mixed Platforms.ActiveCfg = Release|Any CPU
		{94C4DF5B-1566-4ACC-9BD3-167AAC83F9FD}.Release|Mixed Platforms.Build.0 = Release|Any CPU
		{94C4DF5B-1566-4ACC-9BD3-167AAC83F9FD}.Release|Win32.ActiveCfg = Release|Any CPU
		{94C4DF5B-1566-4ACC-9BD3-167AAC83F9FD}.Release|x86.ActiveCfg = Release|Any CPU
		{94C4DF5B-1566-4ACC-9BD3-167AAC83F9FD}.Template|Any CPU.ActiveCfg = Release|Any CPU
		{94C4DF5B-1566-4ACC-9BD3-167AAC83F9FD}.Template|Any CPU.Build.0 = Release|Any CPU
		{94C4DF5B-1566-4ACC-9BD3-167AAC83F9FD}.Template|Mixed Platforms.ActiveCfg = Release|Any CPU
		{94C4DF5B-1566-4ACC-9BD3-167AAC83F9FD}.Template|Mixed Platforms.Build.0 = Release|Any CPU
		{94C4DF5B-1566-4ACC-9BD3-167AAC83F9FD}.Template|Win32.ActiveCfg = Release|Any CPU
		{94C4DF5B-1566-4ACC-9BD3-167AAC83F9FD}.Template|x86.ActiveCfg = Release|Any CPU
	EndGlobalSection
	GlobalSection(SolutionProperties) = preSolution
		HideSolutionNode = FALSE
	EndGlobalSection
EndGlobal
