
Microsoft Visual Studio Solution File, Format Version 10.00
# Visual Studio 2008
Project("{2150E333-8FDC-42A3-9474-1A3956D46DE8}") = "Solution Items", "Solution Items", "{83517BB8-F42D-4249-8B7F-A982115CF47E}"
	ProjectSection(SolutionItems) = preProject
		LocalTestRun.testrunconfig = LocalTestRun.testrunconfig
		MessageGenerationOnly.vsmdi = MessageGenerationOnly.vsmdi
	EndProjectSection
EndProject
Project("{FAE04EC0-301F-11D3-BF4B-00C04F79EFBC}") = "YAMLParser", "YAMLParser\YAMLParser.csproj", "{EFD1C674-0E1B-44E4-8AC9-DC9CCA7DCDCD}"
EndProject
Project("{FAE04EC0-301F-11D3-BF4B-00C04F79EFBC}") = "SecondPass", "SecondPass\SecondPass.csproj", "{92E82652-FE4F-40DA-8749-F976E29183A4}"
EndProject
Project("{FAE04EC0-301F-11D3-BF4B-00C04F79EFBC}") = "Messages", "Messages\Messages.csproj", "{94C4DF5B-1566-4ACC-9BD3-167AAC83F9FD}"
EndProject
Project("{FAE04EC0-301F-11D3-BF4B-00C04F79EFBC}") = "MessagesTest", "MessagesTest\MessagesTest.csproj", "{13A262B6-22A6-4775-AEF0-54682440AFD3}"
EndProject
Global
	GlobalSection(TestCaseManagementSettings) = postSolution
		CategoryFile = MessageGenerationOnly.vsmdi
	EndGlobalSection
	GlobalSection(SolutionConfigurationPlatforms) = preSolution
		Debug|Any CPU = Debug|Any CPU
		Debug|Mixed Platforms = Debug|Mixed Platforms
		Debug|Win32 = Debug|Win32
		Debug|x86 = Debug|x86
		Release|Any CPU = Release|Any CPU
		Release|Mixed Platforms = Release|Mixed Platforms
		Release|Win32 = Release|Win32
		Release|x86 = Release|x86
		Template|Any CPU = Template|Any CPU
		Template|Mixed Platforms = Template|Mixed Platforms
		Template|Win32 = Template|Win32
		Template|x86 = Template|x86
	EndGlobalSection
	GlobalSection(ProjectConfigurationPlatforms) = postSolution
		{EFD1C674-0E1B-44E4-8AC9-DC9CCA7DCDCD}.Debug|Any CPU.ActiveCfg = Debug|x86
		{EFD1C674-0E1B-44E4-8AC9-DC9CCA7DCDCD}.Debug|Mixed Platforms.ActiveCfg = Debug|x86
		{EFD1C674-0E1B-44E4-8AC9-DC9CCA7DCDCD}.Debug|Mixed Platforms.Build.0 = Debug|x86
		{EFD1C674-0E1B-44E4-8AC9-DC9CCA7DCDCD}.Debug|Win32.ActiveCfg = Debug|x86
		{EFD1C674-0E1B-44E4-8AC9-DC9CCA7DCDCD}.Debug|x86.ActiveCfg = Debug|x86
		{EFD1C674-0E1B-44E4-8AC9-DC9CCA7DCDCD}.Debug|x86.Build.0 = Debug|x86
		{EFD1C674-0E1B-44E4-8AC9-DC9CCA7DCDCD}.Release|Any CPU.ActiveCfg = Release|x86
		{EFD1C674-0E1B-44E4-8AC9-DC9CCA7DCDCD}.Release|Mixed Platforms.ActiveCfg = Release|x86
		{EFD1C674-0E1B-44E4-8AC9-DC9CCA7DCDCD}.Release|Mixed Platforms.Build.0 = Release|x86
		{EFD1C674-0E1B-44E4-8AC9-DC9CCA7DCDCD}.Release|Win32.ActiveCfg = Release|x86
		{EFD1C674-0E1B-44E4-8AC9-DC9CCA7DCDCD}.Release|x86.ActiveCfg = Release|x86
		{EFD1C674-0E1B-44E4-8AC9-DC9CCA7DCDCD}.Release|x86.Build.0 = Release|x86
		{EFD1C674-0E1B-44E4-8AC9-DC9CCA7DCDCD}.Template|Any CPU.ActiveCfg = Release|x86
		{EFD1C674-0E1B-44E4-8AC9-DC9CCA7DCDCD}.Template|Mixed Platforms.ActiveCfg = Release|x86
		{EFD1C674-0E1B-44E4-8AC9-DC9CCA7DCDCD}.Template|Mixed Platforms.Build.0 = Release|x86
		{EFD1C674-0E1B-44E4-8AC9-DC9CCA7DCDCD}.Template|Win32.ActiveCfg = Release|x86
		{EFD1C674-0E1B-44E4-8AC9-DC9CCA7DCDCD}.Template|x86.ActiveCfg = Release|x86
		{EFD1C674-0E1B-44E4-8AC9-DC9CCA7DCDCD}.Template|x86.Build.0 = Release|x86
		{92E82652-FE4F-40DA-8749-F976E29183A4}.Debug|Any CPU.ActiveCfg = Debug|x86
		{92E82652-FE4F-40DA-8749-F976E29183A4}.Debug|Mixed Platforms.ActiveCfg = Debug|Any CPU
		{92E82652-FE4F-40DA-8749-F976E29183A4}.Debug|Mixed Platforms.Build.0 = Debug|Any CPU
		{92E82652-FE4F-40DA-8749-F976E29183A4}.Debug|Win32.ActiveCfg = Debug|x86
		{92E82652-FE4F-40DA-8749-F976E29183A4}.Debug|x86.ActiveCfg = Debug|x86
		{92E82652-FE4F-40DA-8749-F976E29183A4}.Debug|x86.Build.0 = Debug|x86
		{92E82652-FE4F-40DA-8749-F976E29183A4}.Release|Any CPU.ActiveCfg = Release|x86
		{92E82652-FE4F-40DA-8749-F976E29183A4}.Release|Mixed Platforms.ActiveCfg = Release|x86
		{92E82652-FE4F-40DA-8749-F976E29183A4}.Release|Mixed Platforms.Build.0 = Release|x86
		{92E82652-FE4F-40DA-8749-F976E29183A4}.Release|Win32.ActiveCfg = Release|x86
		{92E82652-FE4F-40DA-8749-F976E29183A4}.Release|x86.ActiveCfg = Release|x86
		{92E82652-FE4F-40DA-8749-F976E29183A4}.Release|x86.Build.0 = Release|x86
		{92E82652-FE4F-40DA-8749-F976E29183A4}.Template|Any CPU.ActiveCfg = Release|x86
		{92E82652-FE4F-40DA-8749-F976E29183A4}.Template|Mixed Platforms.ActiveCfg = Release|x86
		{92E82652-FE4F-40DA-8749-F976E29183A4}.Template|Mixed Platforms.Build.0 = Release|x86
		{92E82652-FE4F-40DA-8749-F976E29183A4}.Template|Win32.ActiveCfg = Release|x86
		{92E82652-FE4F-40DA-8749-F976E29183A4}.Template|x86.ActiveCfg = Release|x86
		{92E82652-FE4F-40DA-8749-F976E29183A4}.Template|x86.Build.0 = Release|x86
		{94C4DF5B-1566-4ACC-9BD3-167AAC83F9FD}.Debug|Any CPU.ActiveCfg = Debug|Any CPU
		{94C4DF5B-1566-4ACC-9BD3-167AAC83F9FD}.Debug|Any CPU.Build.0 = Debug|Any CPU
		{94C4DF5B-1566-4ACC-9BD3-167AAC83F9FD}.Debug|Mixed Platforms.ActiveCfg = Debug|Any CPU
		{94C4DF5B-1566-4ACC-9BD3-167AAC83F9FD}.Debug|Mixed Platforms.Build.0 = Debug|Any CPU
		{94C4DF5B-1566-4ACC-9BD3-167AAC83F9FD}.Debug|Win32.ActiveCfg = Debug|Any CPU
		{94C4DF5B-1566-4ACC-9BD3-167AAC83F9FD}.Debug|x86.ActiveCfg = Debug|Any CPU
		{94C4DF5B-1566-4ACC-9BD3-167AAC83F9FD}.Release|Any CPU.ActiveCfg = Release|Any CPU
		{94C4DF5B-1566-4ACC-9BD3-167AAC83F9FD}.Release|Any CPU.Build.0 = Release|Any CPU
		{94C4DF5B-1566-4ACC-9BD3-167AAC83F9FD}.Release|Mixed Platforms.ActiveCfg = Release|Any CPU
		{94C4DF5B-1566-4ACC-9BD3-167AAC83F9FD}.Release|Mixed Platforms.Build.0 = Release|Any CPU
		{94C4DF5B-1566-4ACC-9BD3-167AAC83F9FD}.Release|Win32.ActiveCfg = Release|Any CPU
		{94C4DF5B-1566-4ACC-9BD3-167AAC83F9FD}.Release|x86.ActiveCfg = Release|Any CPU
		{94C4DF5B-1566-4ACC-9BD3-167AAC83F9FD}.Template|Any CPU.ActiveCfg = Release|Any CPU
		{94C4DF5B-1566-4ACC-9BD3-167AAC83F9FD}.Template|Any CPU.Build.0 = Release|Any CPU
		{94C4DF5B-1566-4ACC-9BD3-167AAC83F9FD}.Template|Mixed Platforms.ActiveCfg = Release|Any CPU
		{94C4DF5B-1566-4ACC-9BD3-167AAC83F9FD}.Template|Mixed Platforms.Build.0 = Release|Any CPU
		{94C4DF5B-1566-4ACC-9BD3-167AAC83F9FD}.Template|Win32.ActiveCfg = Release|Any CPU
		{94C4DF5B-1566-4ACC-9BD3-167AAC83F9FD}.Template|x86.ActiveCfg = Release|Any CPU
		{13A262B6-22A6-4775-AEF0-54682440AFD3}.Debug|Any CPU.ActiveCfg = Debug|Any CPU
		{13A262B6-22A6-4775-AEF0-54682440AFD3}.Debug|Any CPU.Build.0 = Debug|Any CPU
		{13A262B6-22A6-4775-AEF0-54682440AFD3}.Debug|Mixed Platforms.ActiveCfg = Debug|Any CPU
		{13A262B6-22A6-4775-AEF0-54682440AFD3}.Debug|Mixed Platforms.Build.0 = Debug|Any CPU
		{13A262B6-22A6-4775-AEF0-54682440AFD3}.Debug|Win32.ActiveCfg = Debug|Any CPU
		{13A262B6-22A6-4775-AEF0-54682440AFD3}.Debug|x86.ActiveCfg = Debug|Any CPU
		{13A262B6-22A6-4775-AEF0-54682440AFD3}.Release|Any CPU.ActiveCfg = Release|Any CPU
		{13A262B6-22A6-4775-AEF0-54682440AFD3}.Release|Any CPU.Build.0 = Release|Any CPU
		{13A262B6-22A6-4775-AEF0-54682440AFD3}.Release|Mixed Platforms.ActiveCfg = Release|Any CPU
		{13A262B6-22A6-4775-AEF0-54682440AFD3}.Release|Mixed Platforms.Build.0 = Release|Any CPU
		{13A262B6-22A6-4775-AEF0-54682440AFD3}.Release|Win32.ActiveCfg = Release|Any CPU
		{13A262B6-22A6-4775-AEF0-54682440AFD3}.Release|x86.ActiveCfg = Release|Any CPU
		{13A262B6-22A6-4775-AEF0-54682440AFD3}.Template|Any CPU.ActiveCfg = Release|Any CPU
		{13A262B6-22A6-4775-AEF0-54682440AFD3}.Template|Any CPU.Build.0 = Release|Any CPU
		{13A262B6-22A6-4775-AEF0-54682440AFD3}.Template|Mixed Platforms.ActiveCfg = Release|Any CPU
		{13A262B6-22A6-4775-AEF0-54682440AFD3}.Template|Mixed Platforms.Build.0 = Release|Any CPU
		{13A262B6-22A6-4775-AEF0-54682440AFD3}.Template|Win32.ActiveCfg = Release|Any CPU
		{13A262B6-22A6-4775-AEF0-54682440AFD3}.Template|x86.ActiveCfg = Release|Any CPU
	EndGlobalSection
	GlobalSection(SolutionProperties) = preSolution
		HideSolutionNode = FALSE
	EndGlobalSection
EndGlobal
