
Microsoft Visual Studio Solution File, Format Version 12.00
# Visual Studio 14
VisualStudioVersion = 14.0.25123.0
MinimumVisualStudioVersion = 10.0.40219.1
Project("{FAE04EC0-301F-11D3-BF4B-00C04F79EFBC}") = "ROS_C-Sharp", "ROS_Comm\ROS_C-Sharp.csproj", "{D3688C9B-26CA-498B-A142-68F8050A590A}"
EndProject
Project("{2150E333-8FDC-42A3-9474-1A3956D46DE8}") = "Solution Items", "Solution Items", "{62BF0BBD-313B-448C-A434-B1DD5FEFF10C}"
EndProject
Project("{FAE04EC0-301F-11D3-BF4B-00C04F79EFBC}") = "ServiceClientSample", "ServiceClientSample\ServiceClientSample.csproj", "{1A913959-AF59-4EBE-A4EF-41D51F856EF0}"
EndProject
Project("{FAE04EC0-301F-11D3-BF4B-00C04F79EFBC}") = "ServiceServerSample", "ServiceServerSample\ServiceServerSample.csproj", "{6D75A4F8-3C25-49FD-B713-9A5181082244}"
EndProject
Project("{FAE04EC0-301F-11D3-BF4B-00C04F79EFBC}") = "YAMLParser", "YAMLParser\YAMLParser.csproj", "{A9E51467-A465-4D81-9412-25D9A9D424F9}"
EndProject
Project("{FAE04EC0-301F-11D3-BF4B-00C04F79EFBC}") = "RosParamClient", "RosParamClient\RosParamClient.csproj", "{6B80C4EB-9982-47C0-A127-AE46440E1F22}"
EndProject
Project("{FAE04EC0-301F-11D3-BF4B-00C04F79EFBC}") = "Talker", "Talker\Talker.csproj", "{0A642FA3-58AB-4DBD-94DD-87948062F559}"
EndProject
Project("{FAE04EC0-301F-11D3-BF4B-00C04F79EFBC}") = "CompressedImageView", "CompressedImageView\CompressedImageView.csproj", "{684FFC24-B4C8-48B9-8195-1EE725F2312C}"
EndProject
Project("{FAE04EC0-301F-11D3-BF4B-00C04F79EFBC}") = "SimplePublisher", "SimplePublisher\SimplePublisher\SimplePublisher.csproj", "{669CB812-A371-4374-97DE-1857BF34A886}"
EndProject
Project("{FAE04EC0-301F-11D3-BF4B-00C04F79EFBC}") = "SimpleSubscriber", "SimpleSubscriber\SimpleSubscriber\SimpleSubscriber.csproj", "{24AE8542-22EA-4D2A-B589-0882AF18E80B}"
EndProject
Project("{FAE04EC0-301F-11D3-BF4B-00C04F79EFBC}") = "ROS_ImageWPF", "ROS_ImageUtils\ROS_ImageWPF.csproj", "{E0E04AFE-E2CF-4A04-A331-76FE05DCC749}"
EndProject
Project("{FAE04EC0-301F-11D3-BF4B-00C04F79EFBC}") = "tf_example", "tf_example\tf_example.csproj", "{DC786B4E-091F-4C7F-8812-EF09D7BFE290}"
EndProject
Project("{FAE04EC0-301F-11D3-BF4B-00C04F79EFBC}") = "XmlRpc_Wrapper", "XmlRpc_Wrapper\XmlRpc_Wrapper.csproj", "{31A64FAA-CC90-4549-A028-752002015E2C}"
EndProject
Project("{FAE04EC0-301F-11D3-BF4B-00C04F79EFBC}") = "tf.net", "tf.net\tf.net.csproj", "{3F4BE4AA-4BDE-4976-A69D-C2CCB848E3BB}"
EndProject
Project("{FAE04EC0-301F-11D3-BF4B-00C04F79EFBC}") = "Listener", "Listener\Listener.csproj", "{D6D6BC46-524E-4DE5-8B9D-9CD7E47DD4C6}"
EndProject
Project("{FAE04EC0-301F-11D3-BF4B-00C04F79EFBC}") = "JenSampleTalkerAndListener", "JenSampleTalkerAndListener\JenSampleTalkerAndListener.csproj", "{2FFC250A-6062-4535-A00B-E15A487737EF}"
EndProject
Global
	GlobalSection(SolutionConfigurationPlatforms) = preSolution
		Debug|Any CPU = Debug|Any CPU
		Debug|x86 = Debug|x86
		Release|Any CPU = Release|Any CPU
		Release|x86 = Release|x86
	EndGlobalSection
	GlobalSection(ProjectConfigurationPlatforms) = postSolution
		{D3688C9B-26CA-498B-A142-68F8050A590A}.Debug|Any CPU.ActiveCfg = Debug|Any CPU
		{D3688C9B-26CA-498B-A142-68F8050A590A}.Debug|Any CPU.Build.0 = Debug|Any CPU
		{D3688C9B-26CA-498B-A142-68F8050A590A}.Debug|x86.ActiveCfg = Debug|x86
		{D3688C9B-26CA-498B-A142-68F8050A590A}.Debug|x86.Build.0 = Debug|x86
		{D3688C9B-26CA-498B-A142-68F8050A590A}.Release|Any CPU.ActiveCfg = Release|Any CPU
		{D3688C9B-26CA-498B-A142-68F8050A590A}.Release|Any CPU.Build.0 = Release|Any CPU
		{D3688C9B-26CA-498B-A142-68F8050A590A}.Release|x86.ActiveCfg = Release|x86
		{D3688C9B-26CA-498B-A142-68F8050A590A}.Release|x86.Build.0 = Release|x86
		{1A913959-AF59-4EBE-A4EF-41D51F856EF0}.Debug|Any CPU.ActiveCfg = Debug|Any CPU
		{1A913959-AF59-4EBE-A4EF-41D51F856EF0}.Debug|Any CPU.Build.0 = Debug|Any CPU
		{1A913959-AF59-4EBE-A4EF-41D51F856EF0}.Debug|x86.ActiveCfg = Debug|x86
		{1A913959-AF59-4EBE-A4EF-41D51F856EF0}.Debug|x86.Build.0 = Debug|x86
		{1A913959-AF59-4EBE-A4EF-41D51F856EF0}.Release|Any CPU.ActiveCfg = Release|Any CPU
		{1A913959-AF59-4EBE-A4EF-41D51F856EF0}.Release|Any CPU.Build.0 = Release|Any CPU
		{1A913959-AF59-4EBE-A4EF-41D51F856EF0}.Release|x86.ActiveCfg = Release|x86
		{1A913959-AF59-4EBE-A4EF-41D51F856EF0}.Release|x86.Build.0 = Release|x86
		{6D75A4F8-3C25-49FD-B713-9A5181082244}.Debug|Any CPU.ActiveCfg = Debug|Any CPU
		{6D75A4F8-3C25-49FD-B713-9A5181082244}.Debug|Any CPU.Build.0 = Debug|Any CPU
		{6D75A4F8-3C25-49FD-B713-9A5181082244}.Debug|x86.ActiveCfg = Debug|x86
		{6D75A4F8-3C25-49FD-B713-9A5181082244}.Debug|x86.Build.0 = Debug|x86
		{6D75A4F8-3C25-49FD-B713-9A5181082244}.Release|Any CPU.ActiveCfg = Release|Any CPU
		{6D75A4F8-3C25-49FD-B713-9A5181082244}.Release|Any CPU.Build.0 = Release|Any CPU
		{6D75A4F8-3C25-49FD-B713-9A5181082244}.Release|x86.ActiveCfg = Release|x86
		{6D75A4F8-3C25-49FD-B713-9A5181082244}.Release|x86.Build.0 = Release|x86
		{A9E51467-A465-4D81-9412-25D9A9D424F9}.Debug|Any CPU.ActiveCfg = Debug|Any CPU
		{A9E51467-A465-4D81-9412-25D9A9D424F9}.Debug|Any CPU.Build.0 = Debug|Any CPU
		{A9E51467-A465-4D81-9412-25D9A9D424F9}.Debug|x86.ActiveCfg = Debug|x86
		{A9E51467-A465-4D81-9412-25D9A9D424F9}.Debug|x86.Build.0 = Debug|x86
		{A9E51467-A465-4D81-9412-25D9A9D424F9}.Release|Any CPU.ActiveCfg = Release|Any CPU
		{A9E51467-A465-4D81-9412-25D9A9D424F9}.Release|Any CPU.Build.0 = Release|Any CPU
		{A9E51467-A465-4D81-9412-25D9A9D424F9}.Release|x86.ActiveCfg = Release|x86
		{A9E51467-A465-4D81-9412-25D9A9D424F9}.Release|x86.Build.0 = Release|x86
		{6B80C4EB-9982-47C0-A127-AE46440E1F22}.Debug|Any CPU.ActiveCfg = Debug|Any CPU
		{6B80C4EB-9982-47C0-A127-AE46440E1F22}.Debug|Any CPU.Build.0 = Debug|Any CPU
		{6B80C4EB-9982-47C0-A127-AE46440E1F22}.Debug|x86.ActiveCfg = Debug|x86
		{6B80C4EB-9982-47C0-A127-AE46440E1F22}.Debug|x86.Build.0 = Debug|x86
		{6B80C4EB-9982-47C0-A127-AE46440E1F22}.Release|Any CPU.ActiveCfg = Release|Any CPU
		{6B80C4EB-9982-47C0-A127-AE46440E1F22}.Release|Any CPU.Build.0 = Release|Any CPU
		{6B80C4EB-9982-47C0-A127-AE46440E1F22}.Release|x86.ActiveCfg = Release|x86
		{6B80C4EB-9982-47C0-A127-AE46440E1F22}.Release|x86.Build.0 = Release|x86
		{0A642FA3-58AB-4DBD-94DD-87948062F559}.Debug|Any CPU.ActiveCfg = Debug|Any CPU
		{0A642FA3-58AB-4DBD-94DD-87948062F559}.Debug|Any CPU.Build.0 = Debug|Any CPU
		{0A642FA3-58AB-4DBD-94DD-87948062F559}.Debug|x86.ActiveCfg = Debug|x86
		{0A642FA3-58AB-4DBD-94DD-87948062F559}.Debug|x86.Build.0 = Debug|x86
		{0A642FA3-58AB-4DBD-94DD-87948062F559}.Release|Any CPU.ActiveCfg = Release|Any CPU
		{0A642FA3-58AB-4DBD-94DD-87948062F559}.Release|Any CPU.Build.0 = Release|Any CPU
		{0A642FA3-58AB-4DBD-94DD-87948062F559}.Release|x86.ActiveCfg = Release|x86
		{0A642FA3-58AB-4DBD-94DD-87948062F559}.Release|x86.Build.0 = Release|x86
		{684FFC24-B4C8-48B9-8195-1EE725F2312C}.Debug|Any CPU.ActiveCfg = Debug|Any CPU
		{684FFC24-B4C8-48B9-8195-1EE725F2312C}.Debug|Any CPU.Build.0 = Debug|Any CPU
		{684FFC24-B4C8-48B9-8195-1EE725F2312C}.Debug|x86.ActiveCfg = Debug|x86
		{684FFC24-B4C8-48B9-8195-1EE725F2312C}.Debug|x86.Build.0 = Debug|x86
		{684FFC24-B4C8-48B9-8195-1EE725F2312C}.Release|Any CPU.ActiveCfg = Release|Any CPU
		{684FFC24-B4C8-48B9-8195-1EE725F2312C}.Release|Any CPU.Build.0 = Release|Any CPU
		{684FFC24-B4C8-48B9-8195-1EE725F2312C}.Release|x86.ActiveCfg = Release|x86
		{684FFC24-B4C8-48B9-8195-1EE725F2312C}.Release|x86.Build.0 = Release|x86
		{669CB812-A371-4374-97DE-1857BF34A886}.Debug|Any CPU.ActiveCfg = Debug|Any CPU
		{669CB812-A371-4374-97DE-1857BF34A886}.Debug|Any CPU.Build.0 = Debug|Any CPU
		{669CB812-A371-4374-97DE-1857BF34A886}.Debug|x86.ActiveCfg = Debug|x86
		{669CB812-A371-4374-97DE-1857BF34A886}.Debug|x86.Build.0 = Debug|x86
		{669CB812-A371-4374-97DE-1857BF34A886}.Release|Any CPU.ActiveCfg = Release|Any CPU
		{669CB812-A371-4374-97DE-1857BF34A886}.Release|Any CPU.Build.0 = Release|Any CPU
		{669CB812-A371-4374-97DE-1857BF34A886}.Release|x86.ActiveCfg = Release|x86
		{669CB812-A371-4374-97DE-1857BF34A886}.Release|x86.Build.0 = Release|x86
		{24AE8542-22EA-4D2A-B589-0882AF18E80B}.Debug|Any CPU.ActiveCfg = Debug|Any CPU
		{24AE8542-22EA-4D2A-B589-0882AF18E80B}.Debug|Any CPU.Build.0 = Debug|Any CPU
		{24AE8542-22EA-4D2A-B589-0882AF18E80B}.Debug|x86.ActiveCfg = Debug|x86
		{24AE8542-22EA-4D2A-B589-0882AF18E80B}.Debug|x86.Build.0 = Debug|x86
		{24AE8542-22EA-4D2A-B589-0882AF18E80B}.Release|Any CPU.ActiveCfg = Release|Any CPU
		{24AE8542-22EA-4D2A-B589-0882AF18E80B}.Release|Any CPU.Build.0 = Release|Any CPU
		{24AE8542-22EA-4D2A-B589-0882AF18E80B}.Release|x86.ActiveCfg = Release|x86
		{24AE8542-22EA-4D2A-B589-0882AF18E80B}.Release|x86.Build.0 = Release|x86
		{E0E04AFE-E2CF-4A04-A331-76FE05DCC749}.Debug|Any CPU.ActiveCfg = Debug|Any CPU
		{E0E04AFE-E2CF-4A04-A331-76FE05DCC749}.Debug|Any CPU.Build.0 = Debug|Any CPU
		{E0E04AFE-E2CF-4A04-A331-76FE05DCC749}.Debug|x86.ActiveCfg = Debug|x86
		{E0E04AFE-E2CF-4A04-A331-76FE05DCC749}.Debug|x86.Build.0 = Debug|x86
		{E0E04AFE-E2CF-4A04-A331-76FE05DCC749}.Release|Any CPU.ActiveCfg = Release|Any CPU
		{E0E04AFE-E2CF-4A04-A331-76FE05DCC749}.Release|Any CPU.Build.0 = Release|Any CPU
		{E0E04AFE-E2CF-4A04-A331-76FE05DCC749}.Release|x86.ActiveCfg = Release|x86
		{E0E04AFE-E2CF-4A04-A331-76FE05DCC749}.Release|x86.Build.0 = Release|x86
		{DC786B4E-091F-4C7F-8812-EF09D7BFE290}.Debug|Any CPU.ActiveCfg = Debug|Any CPU
		{DC786B4E-091F-4C7F-8812-EF09D7BFE290}.Debug|Any CPU.Build.0 = Debug|Any CPU
		{DC786B4E-091F-4C7F-8812-EF09D7BFE290}.Debug|x86.ActiveCfg = Debug|x86
		{DC786B4E-091F-4C7F-8812-EF09D7BFE290}.Debug|x86.Build.0 = Debug|x86
		{DC786B4E-091F-4C7F-8812-EF09D7BFE290}.Release|Any CPU.ActiveCfg = Release|Any CPU
		{DC786B4E-091F-4C7F-8812-EF09D7BFE290}.Release|Any CPU.Build.0 = Release|Any CPU
		{DC786B4E-091F-4C7F-8812-EF09D7BFE290}.Release|x86.ActiveCfg = Release|x86
		{DC786B4E-091F-4C7F-8812-EF09D7BFE290}.Release|x86.Build.0 = Release|x86
		{31A64FAA-CC90-4549-A028-752002015E2C}.Debug|Any CPU.ActiveCfg = Debug|Any CPU
		{31A64FAA-CC90-4549-A028-752002015E2C}.Debug|Any CPU.Build.0 = Debug|Any CPU
		{31A64FAA-CC90-4549-A028-752002015E2C}.Debug|x86.ActiveCfg = Debug|x86
		{31A64FAA-CC90-4549-A028-752002015E2C}.Debug|x86.Build.0 = Debug|x86
		{31A64FAA-CC90-4549-A028-752002015E2C}.Release|Any CPU.ActiveCfg = Release|Any CPU
		{31A64FAA-CC90-4549-A028-752002015E2C}.Release|Any CPU.Build.0 = Release|Any CPU
		{31A64FAA-CC90-4549-A028-752002015E2C}.Release|x86.ActiveCfg = Release|x86
		{31A64FAA-CC90-4549-A028-752002015E2C}.Release|x86.Build.0 = Release|x86
		{3F4BE4AA-4BDE-4976-A69D-C2CCB848E3BB}.Debug|Any CPU.ActiveCfg = Debug|Any CPU
		{3F4BE4AA-4BDE-4976-A69D-C2CCB848E3BB}.Debug|Any CPU.Build.0 = Debug|Any CPU
		{3F4BE4AA-4BDE-4976-A69D-C2CCB848E3BB}.Debug|x86.ActiveCfg = Debug|x86
		{3F4BE4AA-4BDE-4976-A69D-C2CCB848E3BB}.Debug|x86.Build.0 = Debug|x86
		{3F4BE4AA-4BDE-4976-A69D-C2CCB848E3BB}.Release|Any CPU.ActiveCfg = Release|Any CPU
		{3F4BE4AA-4BDE-4976-A69D-C2CCB848E3BB}.Release|Any CPU.Build.0 = Release|Any CPU
		{3F4BE4AA-4BDE-4976-A69D-C2CCB848E3BB}.Release|x86.ActiveCfg = Release|x86
		{3F4BE4AA-4BDE-4976-A69D-C2CCB848E3BB}.Release|x86.Build.0 = Release|x86
		{D6D6BC46-524E-4DE5-8B9D-9CD7E47DD4C6}.Debug|Any CPU.ActiveCfg = Debug|Any CPU
		{D6D6BC46-524E-4DE5-8B9D-9CD7E47DD4C6}.Debug|Any CPU.Build.0 = Debug|Any CPU
		{D6D6BC46-524E-4DE5-8B9D-9CD7E47DD4C6}.Debug|x86.ActiveCfg = Debug|x86
		{D6D6BC46-524E-4DE5-8B9D-9CD7E47DD4C6}.Debug|x86.Build.0 = Debug|x86
		{D6D6BC46-524E-4DE5-8B9D-9CD7E47DD4C6}.Release|Any CPU.ActiveCfg = Release|Any CPU
		{D6D6BC46-524E-4DE5-8B9D-9CD7E47DD4C6}.Release|Any CPU.Build.0 = Release|Any CPU
		{D6D6BC46-524E-4DE5-8B9D-9CD7E47DD4C6}.Release|x86.ActiveCfg = Release|x86
		{D6D6BC46-524E-4DE5-8B9D-9CD7E47DD4C6}.Release|x86.Build.0 = Release|x86
		{2FFC250A-6062-4535-A00B-E15A487737EF}.3M4|Any CPU.ActiveCfg = Release|Any CPU
		{2FFC250A-6062-4535-A00B-E15A487737EF}.3M4|Any CPU.Build.0 = Release|Any CPU
		{2FFC250A-6062-4535-A00B-E15A487737EF}.3M4|x86.ActiveCfg = Release|Any CPU
		{2FFC250A-6062-4535-A00B-E15A487737EF}.3M4|x86.Build.0 = Release|Any CPU
		{2FFC250A-6062-4535-A00B-E15A487737EF}.Debug|Any CPU.ActiveCfg = Debug|Any CPU
		{2FFC250A-6062-4535-A00B-E15A487737EF}.Debug|Any CPU.Build.0 = Debug|Any CPU
		{2FFC250A-6062-4535-A00B-E15A487737EF}.Debug|x86.ActiveCfg = Debug|Any CPU
		{2FFC250A-6062-4535-A00B-E15A487737EF}.Debug|x86.Build.0 = Debug|Any CPU
		{2FFC250A-6062-4535-A00B-E15A487737EF}.Release|Any CPU.ActiveCfg = Release|Any CPU
		{2FFC250A-6062-4535-A00B-E15A487737EF}.Release|Any CPU.Build.0 = Release|Any CPU
		{2FFC250A-6062-4535-A00B-E15A487737EF}.Release|x86.ActiveCfg = Release|Any CPU
		{2FFC250A-6062-4535-A00B-E15A487737EF}.Release|x86.Build.0 = Release|Any CPU
	EndGlobalSection
	GlobalSection(SolutionProperties) = preSolution
		HideSolutionNode = FALSE
	EndGlobalSection
EndGlobal
