
Microsoft Visual Studio Solution File, Format Version 11.00
# Visual Studio 2010
Project("{2150E333-8FDC-42A3-9474-1A3956D46DE8}") = "Solution Items", "Solution Items", "{62BF0BBD-313B-448C-A434-B1DD5FEFF10C}"
EndProject
Project("{FAE04EC0-301F-11D3-BF4B-00C04F79EFBC}") = "YAMLParser", "YAMLParser\YAMLParser.csproj", "{EFD1C674-0E1B-44E4-8AC9-DC9CCA7DCDCD}"
EndProject
Project("{FAE04EC0-301F-11D3-BF4B-00C04F79EFBC}") = "SecondPass", "SecondPass\SecondPass.csproj", "{92E82652-FE4F-40DA-8749-F976E29183A4}"
EndProject
Global
	GlobalSection(TestCaseManagementSettings) = postSolution
		CategoryFile = ROS_dotNET.vsmdi
	EndGlobalSection
	GlobalSection(SolutionConfigurationPlatforms) = preSolution
		Debug|Any CPU = Debug|Any CPU
		Debug|Mixed Platforms = Debug|Mixed Platforms
		Debug|Win32 = Debug|Win32
		Debug|x86 = Debug|x86
		fuckstick|Any CPU = fuckstick|Any CPU
		fuckstick|Mixed Platforms = fuckstick|Mixed Platforms
		fuckstick|Win32 = fuckstick|Win32
		fuckstick|x86 = fuckstick|x86
		Release|Any CPU = Release|Any CPU
		Release|Mixed Platforms = Release|Mixed Platforms
		Release|Win32 = Release|Win32
		Release|x86 = Release|x86
		Template|Any CPU = Template|Any CPU
		Template|Mixed Platforms = Template|Mixed Platforms
		Template|Win32 = Template|Win32
		Template|x86 = Template|x86
	EndGlobalSection
	GlobalSection(ProjectConfigurationPlatforms) = postSolution
		{EFD1C674-0E1B-44E4-8AC9-DC9CCA7DCDCD}.Debug|Any CPU.ActiveCfg = Debug|x86
		{EFD1C674-0E1B-44E4-8AC9-DC9CCA7DCDCD}.Debug|Mixed Platforms.ActiveCfg = Debug|x86
		{EFD1C674-0E1B-44E4-8AC9-DC9CCA7DCDCD}.Debug|Mixed Platforms.Build.0 = Debug|x86
		{EFD1C674-0E1B-44E4-8AC9-DC9CCA7DCDCD}.Debug|Win32.ActiveCfg = Debug|x86
		{EFD1C674-0E1B-44E4-8AC9-DC9CCA7DCDCD}.Debug|x86.ActiveCfg = Debug|x86
		{EFD1C674-0E1B-44E4-8AC9-DC9CCA7DCDCD}.Debug|x86.Build.0 = Debug|x86
		{EFD1C674-0E1B-44E4-8AC9-DC9CCA7DCDCD}.fuckstick|Any CPU.ActiveCfg = GunItAndRunIt|Any CPU
		{EFD1C674-0E1B-44E4-8AC9-DC9CCA7DCDCD}.fuckstick|Any CPU.Build.0 = GunItAndRunIt|Any CPU
		{EFD1C674-0E1B-44E4-8AC9-DC9CCA7DCDCD}.fuckstick|Mixed Platforms.ActiveCfg = GunItAndRunIt|Any CPU
		{EFD1C674-0E1B-44E4-8AC9-DC9CCA7DCDCD}.fuckstick|Mixed Platforms.Build.0 = GunItAndRunIt|Any CPU
		{EFD1C674-0E1B-44E4-8AC9-DC9CCA7DCDCD}.fuckstick|Win32.ActiveCfg = GunItAndRunIt|Any CPU
		{EFD1C674-0E1B-44E4-8AC9-DC9CCA7DCDCD}.fuckstick|x86.ActiveCfg = GunItAndRunIt|Any CPU
		{EFD1C674-0E1B-44E4-8AC9-DC9CCA7DCDCD}.Release|Any CPU.ActiveCfg = Release|x86
		{EFD1C674-0E1B-44E4-8AC9-DC9CCA7DCDCD}.Release|Mixed Platforms.ActiveCfg = Release|x86
		{EFD1C674-0E1B-44E4-8AC9-DC9CCA7DCDCD}.Release|Mixed Platforms.Build.0 = Release|x86
		{EFD1C674-0E1B-44E4-8AC9-DC9CCA7DCDCD}.Release|Win32.ActiveCfg = Release|x86
		{EFD1C674-0E1B-44E4-8AC9-DC9CCA7DCDCD}.Release|x86.ActiveCfg = Release|x86
		{EFD1C674-0E1B-44E4-8AC9-DC9CCA7DCDCD}.Release|x86.Build.0 = Release|x86
		{EFD1C674-0E1B-44E4-8AC9-DC9CCA7DCDCD}.Template|Any CPU.ActiveCfg = Release|x86
		{EFD1C674-0E1B-44E4-8AC9-DC9CCA7DCDCD}.Template|Mixed Platforms.ActiveCfg = Release|x86
		{EFD1C674-0E1B-44E4-8AC9-DC9CCA7DCDCD}.Template|Mixed Platforms.Build.0 = Release|x86
		{EFD1C674-0E1B-44E4-8AC9-DC9CCA7DCDCD}.Template|Win32.ActiveCfg = Release|x86
		{EFD1C674-0E1B-44E4-8AC9-DC9CCA7DCDCD}.Template|x86.ActiveCfg = Release|x86
		{EFD1C674-0E1B-44E4-8AC9-DC9CCA7DCDCD}.Template|x86.Build.0 = Release|x86
		{92E82652-FE4F-40DA-8749-F976E29183A4}.Debug|Any CPU.ActiveCfg = Debug|Any CPU
		{92E82652-FE4F-40DA-8749-F976E29183A4}.Debug|Any CPU.Build.0 = Debug|Any CPU
		{92E82652-FE4F-40DA-8749-F976E29183A4}.Debug|Mixed Platforms.ActiveCfg = Debug|Any CPU
		{92E82652-FE4F-40DA-8749-F976E29183A4}.Debug|Mixed Platforms.Build.0 = Debug|Any CPU
		{92E82652-FE4F-40DA-8749-F976E29183A4}.Debug|Win32.ActiveCfg = Debug|Any CPU
		{92E82652-FE4F-40DA-8749-F976E29183A4}.Debug|x86.ActiveCfg = Debug|x86
		{92E82652-FE4F-40DA-8749-F976E29183A4}.Debug|x86.Build.0 = Debug|x86
		{92E82652-FE4F-40DA-8749-F976E29183A4}.fuckstick|Any CPU.ActiveCfg = Release|Any CPU
		{92E82652-FE4F-40DA-8749-F976E29183A4}.fuckstick|Any CPU.Build.0 = Release|Any CPU
		{92E82652-FE4F-40DA-8749-F976E29183A4}.fuckstick|Mixed Platforms.ActiveCfg = Release|Any CPU
		{92E82652-FE4F-40DA-8749-F976E29183A4}.fuckstick|Mixed Platforms.Build.0 = Release|Any CPU
		{92E82652-FE4F-40DA-8749-F976E29183A4}.fuckstick|Win32.ActiveCfg = Release|Any CPU
		{92E82652-FE4F-40DA-8749-F976E29183A4}.fuckstick|x86.ActiveCfg = Release|Any CPU
		{92E82652-FE4F-40DA-8749-F976E29183A4}.Release|Any CPU.ActiveCfg = Release|Any CPU
		{92E82652-FE4F-40DA-8749-F976E29183A4}.Release|Any CPU.Build.0 = Release|Any CPU
		{92E82652-FE4F-40DA-8749-F976E29183A4}.Release|Mixed Platforms.ActiveCfg = Release|Any CPU
		{92E82652-FE4F-40DA-8749-F976E29183A4}.Release|Mixed Platforms.Build.0 = Release|Any CPU
		{92E82652-FE4F-40DA-8749-F976E29183A4}.Release|Win32.ActiveCfg = Release|Any CPU
		{92E82652-FE4F-40DA-8749-F976E29183A4}.Release|x86.ActiveCfg = Release|x86
		{92E82652-FE4F-40DA-8749-F976E29183A4}.Release|x86.Build.0 = Release|x86
		{92E82652-FE4F-40DA-8749-F976E29183A4}.Template|Any CPU.ActiveCfg = Release|Any CPU
		{92E82652-FE4F-40DA-8749-F976E29183A4}.Template|Any CPU.Build.0 = Release|Any CPU
		{92E82652-FE4F-40DA-8749-F976E29183A4}.Template|Mixed Platforms.ActiveCfg = Release|Any CPU
		{92E82652-FE4F-40DA-8749-F976E29183A4}.Template|Mixed Platforms.Build.0 = Release|Any CPU
		{92E82652-FE4F-40DA-8749-F976E29183A4}.Template|Win32.ActiveCfg = Release|Any CPU
		{92E82652-FE4F-40DA-8749-F976E29183A4}.Template|x86.ActiveCfg = Release|Any CPU
	EndGlobalSection
	GlobalSection(SolutionProperties) = preSolution
		HideSolutionNode = FALSE
	EndGlobalSection
EndGlobal
