
Microsoft Visual Studio Solution File, Format Version 11.00
# Visual Studio 2010
Project("{FAE04EC0-301F-11D3-BF4B-00C04F79EFBC}") = "XmlRpc_Wrapper", "XmlRpc_Wrapper\XmlRpc_Wrapper.csproj", "{8B7DB66C-9C03-4078-9276-B6A760CD4C2C}"
	ProjectSection(ProjectDependencies) = postProject
		{8D413666-0CD1-4783-B9B9-0214C14674AC} = {8D413666-0CD1-4783-B9B9-0214C14674AC}
	EndProjectSection
EndProject
Project("{8BC9CEB8-8B4A-11D0-8D11-00A0C91BC942}") = "XmlRpcWin32", "XmlRpcWin32\XmlRpcWin32.vcxproj", "{8D413666-0CD1-4783-B9B9-0214C14674AC}"
EndProject
Project("{FAE04EC0-301F-11D3-BF4B-00C04F79EFBC}") = "ROS_C-Sharp", "EricIsAMAZING\ROS_C-Sharp.csproj", "{586A3B66-104A-4182-82C2-88DC120F10AC}"
	ProjectSection(ProjectDependencies) = postProject
		{8D413666-0CD1-4783-B9B9-0214C14674AC} = {8D413666-0CD1-4783-B9B9-0214C14674AC}
	EndProjectSection
EndProject
Project("{FAE04EC0-301F-11D3-BF4B-00C04F79EFBC}") = "Talker", "Talker\Talker.csproj", "{0A642FA3-58AB-4DBD-94DD-87948062F559}"
EndProject
Project("{2150E333-8FDC-42A3-9474-1A3956D46DE8}") = "Solution Items", "Solution Items", "{62BF0BBD-313B-448C-A434-B1DD5FEFF10C}"
EndProject
Project("{FAE04EC0-301F-11D3-BF4B-00C04F79EFBC}") = "ROS_ImageWPF", "ROS_ImageUtils\ROS_ImageWPF.csproj", "{E0E04AFE-E2CF-4A04-A331-76FE05DCC749}"
EndProject
Project("{FAE04EC0-301F-11D3-BF4B-00C04F79EFBC}") = "YAMLParser", "YAMLParser\YAMLParser.csproj", "{EFD1C674-0E1B-44E4-8AC9-DC9CCA7DCDCD}"
EndProject
Project("{FAE04EC0-301F-11D3-BF4B-00C04F79EFBC}") = "armgauge", "armgauge\armgauge.csproj", "{B553A998-E52A-4B69-B160-EE137E97816E}"
EndProject
Project("{FAE04EC0-301F-11D3-BF4B-00C04F79EFBC}") = "CompressedImageView", "CompressedImageView\CompressedImageView.csproj", "{684FFC24-B4C8-48B9-8195-1EE725F2312C}"
EndProject
Project("{FAE04EC0-301F-11D3-BF4B-00C04F79EFBC}") = "RosoutDebug", "RosoutDebug\RosoutDebug.csproj", "{003A7CF0-4211-4236-9E9A-0E3EB44A02D1}"
EndProject
Project("{FAE04EC0-301F-11D3-BF4B-00C04F79EFBC}") = "RoboOps_Mockup", "RoboOps_Mockup\RoboOps_Mockup.csproj", "{1790824A-255E-4E26-9E06-0A8792C137EB}"
EndProject
Global
	GlobalSection(TestCaseManagementSettings) = postSolution
		CategoryFile = ROS_dotNET.vsmdi
	EndGlobalSection
	GlobalSection(SolutionConfigurationPlatforms) = preSolution
		Debug|Any CPU = Debug|Any CPU
		Debug|Mixed Platforms = Debug|Mixed Platforms
		Debug|Win32 = Debug|Win32
		Debug|x86 = Debug|x86
		Release|Any CPU = Release|Any CPU
		Release|Mixed Platforms = Release|Mixed Platforms
		Release|Win32 = Release|Win32
		Release|x86 = Release|x86
	EndGlobalSection
	GlobalSection(ProjectConfigurationPlatforms) = postSolution
		{8B7DB66C-9C03-4078-9276-B6A760CD4C2C}.Debug|Any CPU.ActiveCfg = Debug|Any CPU
		{8B7DB66C-9C03-4078-9276-B6A760CD4C2C}.Debug|Any CPU.Build.0 = Debug|Any CPU
		{8B7DB66C-9C03-4078-9276-B6A760CD4C2C}.Debug|Mixed Platforms.ActiveCfg = Debug|Any CPU
		{8B7DB66C-9C03-4078-9276-B6A760CD4C2C}.Debug|Mixed Platforms.Build.0 = Debug|Any CPU
		{8B7DB66C-9C03-4078-9276-B6A760CD4C2C}.Debug|Win32.ActiveCfg = Debug|Any CPU
		{8B7DB66C-9C03-4078-9276-B6A760CD4C2C}.Debug|x86.ActiveCfg = Debug|Any CPU
		{8B7DB66C-9C03-4078-9276-B6A760CD4C2C}.Debug|x86.Build.0 = Debug|Any CPU
		{8B7DB66C-9C03-4078-9276-B6A760CD4C2C}.Release|Any CPU.ActiveCfg = Release|Any CPU
		{8B7DB66C-9C03-4078-9276-B6A760CD4C2C}.Release|Any CPU.Build.0 = Release|Any CPU
		{8B7DB66C-9C03-4078-9276-B6A760CD4C2C}.Release|Mixed Platforms.ActiveCfg = Release|Any CPU
		{8B7DB66C-9C03-4078-9276-B6A760CD4C2C}.Release|Mixed Platforms.Build.0 = Release|Any CPU
		{8B7DB66C-9C03-4078-9276-B6A760CD4C2C}.Release|Win32.ActiveCfg = Release|Any CPU
		{8B7DB66C-9C03-4078-9276-B6A760CD4C2C}.Release|x86.ActiveCfg = Release|Any CPU
		{8D413666-0CD1-4783-B9B9-0214C14674AC}.Debug|Any CPU.ActiveCfg = Debug|Win32
		{8D413666-0CD1-4783-B9B9-0214C14674AC}.Debug|Mixed Platforms.ActiveCfg = Debug|Win32
		{8D413666-0CD1-4783-B9B9-0214C14674AC}.Debug|Mixed Platforms.Build.0 = Debug|Win32
		{8D413666-0CD1-4783-B9B9-0214C14674AC}.Debug|Win32.ActiveCfg = Debug|Win32
		{8D413666-0CD1-4783-B9B9-0214C14674AC}.Debug|Win32.Build.0 = Debug|Win32
		{8D413666-0CD1-4783-B9B9-0214C14674AC}.Debug|x86.ActiveCfg = Debug|Win32
		{8D413666-0CD1-4783-B9B9-0214C14674AC}.Debug|x86.Build.0 = Debug|Win32
		{8D413666-0CD1-4783-B9B9-0214C14674AC}.Release|Any CPU.ActiveCfg = Release|x64
		{8D413666-0CD1-4783-B9B9-0214C14674AC}.Release|Mixed Platforms.ActiveCfg = Release|x64
		{8D413666-0CD1-4783-B9B9-0214C14674AC}.Release|Mixed Platforms.Build.0 = Release|x64
		{8D413666-0CD1-4783-B9B9-0214C14674AC}.Release|Win32.ActiveCfg = Release|Win32
		{8D413666-0CD1-4783-B9B9-0214C14674AC}.Release|Win32.Build.0 = Release|Win32
		{8D413666-0CD1-4783-B9B9-0214C14674AC}.Release|x86.ActiveCfg = Release|x64
		{586A3B66-104A-4182-82C2-88DC120F10AC}.Debug|Any CPU.ActiveCfg = Debug|Any CPU
		{586A3B66-104A-4182-82C2-88DC120F10AC}.Debug|Any CPU.Build.0 = Debug|Any CPU
		{586A3B66-104A-4182-82C2-88DC120F10AC}.Debug|Mixed Platforms.ActiveCfg = Debug|x86
		{586A3B66-104A-4182-82C2-88DC120F10AC}.Debug|Mixed Platforms.Build.0 = Debug|x86
		{586A3B66-104A-4182-82C2-88DC120F10AC}.Debug|Win32.ActiveCfg = Debug|Any CPU
		{586A3B66-104A-4182-82C2-88DC120F10AC}.Debug|x86.ActiveCfg = Debug|Any CPU
		{586A3B66-104A-4182-82C2-88DC120F10AC}.Debug|x86.Build.0 = Debug|Any CPU
		{586A3B66-104A-4182-82C2-88DC120F10AC}.Release|Any CPU.ActiveCfg = Release|Any CPU
		{586A3B66-104A-4182-82C2-88DC120F10AC}.Release|Any CPU.Build.0 = Release|Any CPU
		{586A3B66-104A-4182-82C2-88DC120F10AC}.Release|Mixed Platforms.ActiveCfg = Release|x64
		{586A3B66-104A-4182-82C2-88DC120F10AC}.Release|Mixed Platforms.Build.0 = Release|x64
		{586A3B66-104A-4182-82C2-88DC120F10AC}.Release|Win32.ActiveCfg = Release|x64
		{586A3B66-104A-4182-82C2-88DC120F10AC}.Release|x86.ActiveCfg = Release|x86
		{586A3B66-104A-4182-82C2-88DC120F10AC}.Release|x86.Build.0 = Release|x86
		{0A642FA3-58AB-4DBD-94DD-87948062F559}.Debug|Any CPU.ActiveCfg = Debug|x86
		{0A642FA3-58AB-4DBD-94DD-87948062F559}.Debug|Mixed Platforms.ActiveCfg = Debug|x86
		{0A642FA3-58AB-4DBD-94DD-87948062F559}.Debug|Mixed Platforms.Build.0 = Debug|x86
		{0A642FA3-58AB-4DBD-94DD-87948062F559}.Debug|Win32.ActiveCfg = Debug|x86
		{0A642FA3-58AB-4DBD-94DD-87948062F559}.Debug|x86.ActiveCfg = Debug|x86
		{0A642FA3-58AB-4DBD-94DD-87948062F559}.Debug|x86.Build.0 = Debug|x86
		{0A642FA3-58AB-4DBD-94DD-87948062F559}.Release|Any CPU.ActiveCfg = Release|Any CPU
		{0A642FA3-58AB-4DBD-94DD-87948062F559}.Release|Any CPU.Build.0 = Release|Any CPU
		{0A642FA3-58AB-4DBD-94DD-87948062F559}.Release|Mixed Platforms.ActiveCfg = Release|Any CPU
		{0A642FA3-58AB-4DBD-94DD-87948062F559}.Release|Mixed Platforms.Build.0 = Release|Any CPU
		{0A642FA3-58AB-4DBD-94DD-87948062F559}.Release|Win32.ActiveCfg = Release|Any CPU
		{0A642FA3-58AB-4DBD-94DD-87948062F559}.Release|x86.ActiveCfg = Release|x86
		{0A642FA3-58AB-4DBD-94DD-87948062F559}.Release|x86.Build.0 = Release|x86
		{E0E04AFE-E2CF-4A04-A331-76FE05DCC749}.Debug|Any CPU.ActiveCfg = Debug|Any CPU
		{E0E04AFE-E2CF-4A04-A331-76FE05DCC749}.Debug|Any CPU.Build.0 = Debug|Any CPU
		{E0E04AFE-E2CF-4A04-A331-76FE05DCC749}.Debug|Mixed Platforms.ActiveCfg = Debug|Any CPU
		{E0E04AFE-E2CF-4A04-A331-76FE05DCC749}.Debug|Mixed Platforms.Build.0 = Debug|Any CPU
		{E0E04AFE-E2CF-4A04-A331-76FE05DCC749}.Debug|Win32.ActiveCfg = Debug|Any CPU
		{E0E04AFE-E2CF-4A04-A331-76FE05DCC749}.Debug|x86.ActiveCfg = Debug|Any CPU
		{E0E04AFE-E2CF-4A04-A331-76FE05DCC749}.Debug|x86.Build.0 = Debug|Any CPU
		{E0E04AFE-E2CF-4A04-A331-76FE05DCC749}.Release|Any CPU.ActiveCfg = Release|Any CPU
		{E0E04AFE-E2CF-4A04-A331-76FE05DCC749}.Release|Any CPU.Build.0 = Release|Any CPU
		{E0E04AFE-E2CF-4A04-A331-76FE05DCC749}.Release|Mixed Platforms.ActiveCfg = Release|Any CPU
		{E0E04AFE-E2CF-4A04-A331-76FE05DCC749}.Release|Mixed Platforms.Build.0 = Release|Any CPU
		{E0E04AFE-E2CF-4A04-A331-76FE05DCC749}.Release|Win32.ActiveCfg = Release|Any CPU
		{E0E04AFE-E2CF-4A04-A331-76FE05DCC749}.Release|x86.ActiveCfg = Release|Any CPU
		{EFD1C674-0E1B-44E4-8AC9-DC9CCA7DCDCD}.Debug|Any CPU.ActiveCfg = Debug|Any CPU
		{EFD1C674-0E1B-44E4-8AC9-DC9CCA7DCDCD}.Debug|Any CPU.Build.0 = Debug|Any CPU
		{EFD1C674-0E1B-44E4-8AC9-DC9CCA7DCDCD}.Debug|Mixed Platforms.ActiveCfg = Debug|Any CPU
		{EFD1C674-0E1B-44E4-8AC9-DC9CCA7DCDCD}.Debug|Mixed Platforms.Build.0 = Debug|Any CPU
		{EFD1C674-0E1B-44E4-8AC9-DC9CCA7DCDCD}.Debug|Win32.ActiveCfg = Debug|Any CPU
		{EFD1C674-0E1B-44E4-8AC9-DC9CCA7DCDCD}.Debug|x86.ActiveCfg = Debug|x86
		{EFD1C674-0E1B-44E4-8AC9-DC9CCA7DCDCD}.Debug|x86.Build.0 = Debug|x86
		{EFD1C674-0E1B-44E4-8AC9-DC9CCA7DCDCD}.Release|Any CPU.ActiveCfg = Release|Any CPU
		{EFD1C674-0E1B-44E4-8AC9-DC9CCA7DCDCD}.Release|Any CPU.Build.0 = Release|Any CPU
		{EFD1C674-0E1B-44E4-8AC9-DC9CCA7DCDCD}.Release|Mixed Platforms.ActiveCfg = Release|Any CPU
		{EFD1C674-0E1B-44E4-8AC9-DC9CCA7DCDCD}.Release|Mixed Platforms.Build.0 = Release|Any CPU
		{EFD1C674-0E1B-44E4-8AC9-DC9CCA7DCDCD}.Release|Win32.ActiveCfg = Release|Any CPU
		{EFD1C674-0E1B-44E4-8AC9-DC9CCA7DCDCD}.Release|x86.ActiveCfg = Release|x86
		{EFD1C674-0E1B-44E4-8AC9-DC9CCA7DCDCD}.Release|x86.Build.0 = Release|x86
		{B553A998-E52A-4B69-B160-EE137E97816E}.Debug|Any CPU.ActiveCfg = Debug|x86
		{B553A998-E52A-4B69-B160-EE137E97816E}.Debug|Mixed Platforms.ActiveCfg = Debug|x86
		{B553A998-E52A-4B69-B160-EE137E97816E}.Debug|Mixed Platforms.Build.0 = Debug|x86
		{B553A998-E52A-4B69-B160-EE137E97816E}.Debug|Win32.ActiveCfg = Debug|x86
		{B553A998-E52A-4B69-B160-EE137E97816E}.Debug|x86.ActiveCfg = Debug|x86
		{B553A998-E52A-4B69-B160-EE137E97816E}.Debug|x86.Build.0 = Debug|x86
		{B553A998-E52A-4B69-B160-EE137E97816E}.Release|Any CPU.ActiveCfg = Release|x86
		{B553A998-E52A-4B69-B160-EE137E97816E}.Release|Mixed Platforms.ActiveCfg = Release|x86
		{B553A998-E52A-4B69-B160-EE137E97816E}.Release|Mixed Platforms.Build.0 = Release|x86
		{B553A998-E52A-4B69-B160-EE137E97816E}.Release|Win32.ActiveCfg = Release|x86
		{B553A998-E52A-4B69-B160-EE137E97816E}.Release|x86.ActiveCfg = Release|x86
		{B553A998-E52A-4B69-B160-EE137E97816E}.Release|x86.Build.0 = Release|x86
		{684FFC24-B4C8-48B9-8195-1EE725F2312C}.Debug|Any CPU.ActiveCfg = Debug|x86
		{684FFC24-B4C8-48B9-8195-1EE725F2312C}.Debug|Mixed Platforms.ActiveCfg = Debug|x86
		{684FFC24-B4C8-48B9-8195-1EE725F2312C}.Debug|Mixed Platforms.Build.0 = Debug|x86
		{684FFC24-B4C8-48B9-8195-1EE725F2312C}.Debug|Win32.ActiveCfg = Debug|x86
		{684FFC24-B4C8-48B9-8195-1EE725F2312C}.Debug|x86.ActiveCfg = Debug|x86
		{684FFC24-B4C8-48B9-8195-1EE725F2312C}.Debug|x86.Build.0 = Debug|x86
		{684FFC24-B4C8-48B9-8195-1EE725F2312C}.Release|Any CPU.ActiveCfg = Release|x86
		{684FFC24-B4C8-48B9-8195-1EE725F2312C}.Release|Mixed Platforms.ActiveCfg = Release|x86
		{684FFC24-B4C8-48B9-8195-1EE725F2312C}.Release|Mixed Platforms.Build.0 = Release|x86
		{684FFC24-B4C8-48B9-8195-1EE725F2312C}.Release|Win32.ActiveCfg = Release|x86
		{684FFC24-B4C8-48B9-8195-1EE725F2312C}.Release|x86.ActiveCfg = Release|x86
		{684FFC24-B4C8-48B9-8195-1EE725F2312C}.Release|x86.Build.0 = Release|x86
		{003A7CF0-4211-4236-9E9A-0E3EB44A02D1}.Debug|Any CPU.ActiveCfg = Debug|x86
		{003A7CF0-4211-4236-9E9A-0E3EB44A02D1}.Debug|Mixed Platforms.ActiveCfg = Debug|x86
		{003A7CF0-4211-4236-9E9A-0E3EB44A02D1}.Debug|Mixed Platforms.Build.0 = Debug|x86
		{003A7CF0-4211-4236-9E9A-0E3EB44A02D1}.Debug|Win32.ActiveCfg = Debug|x86
		{003A7CF0-4211-4236-9E9A-0E3EB44A02D1}.Debug|x86.ActiveCfg = Debug|x86
		{003A7CF0-4211-4236-9E9A-0E3EB44A02D1}.Debug|x86.Build.0 = Debug|x86
		{003A7CF0-4211-4236-9E9A-0E3EB44A02D1}.Release|Any CPU.ActiveCfg = Release|x86
		{003A7CF0-4211-4236-9E9A-0E3EB44A02D1}.Release|Mixed Platforms.ActiveCfg = Release|x86
		{003A7CF0-4211-4236-9E9A-0E3EB44A02D1}.Release|Mixed Platforms.Build.0 = Release|x86
		{003A7CF0-4211-4236-9E9A-0E3EB44A02D1}.Release|Win32.ActiveCfg = Release|x86
		{003A7CF0-4211-4236-9E9A-0E3EB44A02D1}.Release|x86.ActiveCfg = Release|x86
		{003A7CF0-4211-4236-9E9A-0E3EB44A02D1}.Release|x86.Build.0 = Release|x86
		{1790824A-255E-4E26-9E06-0A8792C137EB}.Debug|Any CPU.ActiveCfg = Debug|x86
		{1790824A-255E-4E26-9E06-0A8792C137EB}.Debug|Mixed Platforms.ActiveCfg = Debug|x86
		{1790824A-255E-4E26-9E06-0A8792C137EB}.Debug|Mixed Platforms.Build.0 = Debug|x86
		{1790824A-255E-4E26-9E06-0A8792C137EB}.Debug|Win32.ActiveCfg = Debug|x86
		{1790824A-255E-4E26-9E06-0A8792C137EB}.Debug|x86.ActiveCfg = Debug|x86
		{1790824A-255E-4E26-9E06-0A8792C137EB}.Debug|x86.Build.0 = Debug|x86
		{1790824A-255E-4E26-9E06-0A8792C137EB}.Release|Any CPU.ActiveCfg = Release|x86
		{1790824A-255E-4E26-9E06-0A8792C137EB}.Release|Mixed Platforms.ActiveCfg = Release|x86
		{1790824A-255E-4E26-9E06-0A8792C137EB}.Release|Mixed Platforms.Build.0 = Release|x86
		{1790824A-255E-4E26-9E06-0A8792C137EB}.Release|Win32.ActiveCfg = Release|x86
		{1790824A-255E-4E26-9E06-0A8792C137EB}.Release|x86.ActiveCfg = Release|x86
		{1790824A-255E-4E26-9E06-0A8792C137EB}.Release|x86.Build.0 = Release|x86
	EndGlobalSection
	GlobalSection(SolutionProperties) = preSolution
		HideSolutionNode = FALSE
	EndGlobalSection
EndGlobal
