
Microsoft Visual Studio Solution File, Format Version 12.00
# Visual Studio 14
VisualStudioVersion = 14.0.25420.1
MinimumVisualStudioVersion = 10.0.40219.1
Project("{FAE04EC0-301F-11D3-BF4B-00C04F79EFBC}") = "XmlRpc_Wrapper", "XmlRpc_Wrapper\XmlRpc_Wrapper.csproj", "{31A64FAA-CC90-4549-A028-752002015E2C}"
EndProject
Project("{FAE04EC0-301F-11D3-BF4B-00C04F79EFBC}") = "ROS_C-Sharp", "ROS_Comm\ROS_C-Sharp.csproj", "{D3688C9B-26CA-498B-A142-68F8050A590A}"
EndProject
Project("{2150E333-8FDC-42A3-9474-1A3956D46DE8}") = "Solution Items", "Solution Items", "{62BF0BBD-313B-448C-A434-B1DD5FEFF10C}"
EndProject
Project("{FAE04EC0-301F-11D3-BF4B-00C04F79EFBC}") = "ROS_ImageWPF", "ROS_ImageUtils\ROS_ImageWPF.csproj", "{E0E04AFE-E2CF-4A04-A331-76FE05DCC749}"
EndProject
Project("{FAE04EC0-301F-11D3-BF4B-00C04F79EFBC}") = "rosmaster", "rosmaster\rosmaster.csproj", "{778019E9-D445-4B87-81FD-AB3E0AA9E536}"
EndProject
Project("{FAE04EC0-301F-11D3-BF4B-00C04F79EFBC}") = "YAMLParser", "YAMLParser\YAMLParser.csproj", "{A9E51467-A465-4D81-9412-25D9A9D424F9}"
EndProject
Project("{FAE04EC0-301F-11D3-BF4B-00C04F79EFBC}") = "RosParamClient", "RosParamClient\RosParamClient.csproj", "{6B80C4EB-9982-47C0-A127-AE46440E1F22}"
EndProject
Project("{FAE04EC0-301F-11D3-BF4B-00C04F79EFBC}") = "MD5SumTest", "MD5SumTest\MD5SumTest.csproj", "{D15B296F-7EBC-43AA-BD2B-0292AA5F9A38}"
EndProject
Project("{FAE04EC0-301F-11D3-BF4B-00C04F79EFBC}") = "MessageSerializationTests", "MessageSerializationTests\MessageSerializationTests.csproj", "{696C2264-99E4-40C0-B5B3-D765F3A16605}"
EndProject
Global
	GlobalSection(SolutionConfigurationPlatforms) = preSolution
		Debug|Any CPU = Debug|Any CPU
		Debug|x86 = Debug|x86
		Release|Any CPU = Release|Any CPU
		Release|x86 = Release|x86
	EndGlobalSection
	GlobalSection(ProjectConfigurationPlatforms) = postSolution
		{31A64FAA-CC90-4549-A028-752002015E2C}.Debug|Any CPU.ActiveCfg = Debug|Any CPU
		{31A64FAA-CC90-4549-A028-752002015E2C}.Debug|Any CPU.Build.0 = Debug|Any CPU
		{31A64FAA-CC90-4549-A028-752002015E2C}.Debug|x86.ActiveCfg = Debug|x86
		{31A64FAA-CC90-4549-A028-752002015E2C}.Debug|x86.Build.0 = Debug|x86
		{31A64FAA-CC90-4549-A028-752002015E2C}.Release|Any CPU.ActiveCfg = Release|Any CPU
		{31A64FAA-CC90-4549-A028-752002015E2C}.Release|Any CPU.Build.0 = Release|Any CPU
		{31A64FAA-CC90-4549-A028-752002015E2C}.Release|x86.ActiveCfg = Release|x86
		{31A64FAA-CC90-4549-A028-752002015E2C}.Release|x86.Build.0 = Release|x86
		{D3688C9B-26CA-498B-A142-68F8050A590A}.Debug|Any CPU.ActiveCfg = Debug|Any CPU
		{D3688C9B-26CA-498B-A142-68F8050A590A}.Debug|Any CPU.Build.0 = Debug|Any CPU
		{D3688C9B-26CA-498B-A142-68F8050A590A}.Debug|x86.ActiveCfg = Debug|x86
		{D3688C9B-26CA-498B-A142-68F8050A590A}.Debug|x86.Build.0 = Debug|x86
		{D3688C9B-26CA-498B-A142-68F8050A590A}.Release|Any CPU.ActiveCfg = Release|Any CPU
		{D3688C9B-26CA-498B-A142-68F8050A590A}.Release|Any CPU.Build.0 = Release|Any CPU
		{D3688C9B-26CA-498B-A142-68F8050A590A}.Release|x86.ActiveCfg = Release|x86
		{D3688C9B-26CA-498B-A142-68F8050A590A}.Release|x86.Build.0 = Release|x86
		{E0E04AFE-E2CF-4A04-A331-76FE05DCC749}.Debug|Any CPU.ActiveCfg = Debug|Any CPU
		{E0E04AFE-E2CF-4A04-A331-76FE05DCC749}.Debug|Any CPU.Build.0 = Debug|Any CPU
		{E0E04AFE-E2CF-4A04-A331-76FE05DCC749}.Debug|x86.ActiveCfg = Debug|x86
		{E0E04AFE-E2CF-4A04-A331-76FE05DCC749}.Debug|x86.Build.0 = Debug|x86
		{E0E04AFE-E2CF-4A04-A331-76FE05DCC749}.Release|Any CPU.ActiveCfg = Release|Any CPU
		{E0E04AFE-E2CF-4A04-A331-76FE05DCC749}.Release|Any CPU.Build.0 = Release|Any CPU
		{E0E04AFE-E2CF-4A04-A331-76FE05DCC749}.Release|x86.ActiveCfg = Release|x86
		{E0E04AFE-E2CF-4A04-A331-76FE05DCC749}.Release|x86.Build.0 = Release|x86
		{778019E9-D445-4B87-81FD-AB3E0AA9E536}.Debug|Any CPU.ActiveCfg = Debug|Any CPU
		{778019E9-D445-4B87-81FD-AB3E0AA9E536}.Debug|Any CPU.Build.0 = Debug|Any CPU
		{778019E9-D445-4B87-81FD-AB3E0AA9E536}.Debug|x86.ActiveCfg = Debug|x86
		{778019E9-D445-4B87-81FD-AB3E0AA9E536}.Debug|x86.Build.0 = Debug|x86
		{778019E9-D445-4B87-81FD-AB3E0AA9E536}.Release|Any CPU.ActiveCfg = Release|Any CPU
		{778019E9-D445-4B87-81FD-AB3E0AA9E536}.Release|Any CPU.Build.0 = Release|Any CPU
		{778019E9-D445-4B87-81FD-AB3E0AA9E536}.Release|x86.ActiveCfg = Release|x86
		{778019E9-D445-4B87-81FD-AB3E0AA9E536}.Release|x86.Build.0 = Release|x86
		{A9E51467-A465-4D81-9412-25D9A9D424F9}.Debug|Any CPU.ActiveCfg = Debugger|Any CPU
		{A9E51467-A465-4D81-9412-25D9A9D424F9}.Debug|Any CPU.Build.0 = Debugger|Any CPU
		{A9E51467-A465-4D81-9412-25D9A9D424F9}.Debug|x86.ActiveCfg = Debug|x86
		{A9E51467-A465-4D81-9412-25D9A9D424F9}.Debug|x86.Build.0 = Debug|x86
		{A9E51467-A465-4D81-9412-25D9A9D424F9}.Release|Any CPU.ActiveCfg = Release|Any CPU
		{A9E51467-A465-4D81-9412-25D9A9D424F9}.Release|Any CPU.Build.0 = Release|Any CPU
		{A9E51467-A465-4D81-9412-25D9A9D424F9}.Release|x86.ActiveCfg = Release|x86
		{A9E51467-A465-4D81-9412-25D9A9D424F9}.Release|x86.Build.0 = Release|x86
		{6B80C4EB-9982-47C0-A127-AE46440E1F22}.Debug|Any CPU.ActiveCfg = Debug|Any CPU
		{6B80C4EB-9982-47C0-A127-AE46440E1F22}.Debug|Any CPU.Build.0 = Debug|Any CPU
		{6B80C4EB-9982-47C0-A127-AE46440E1F22}.Debug|x86.ActiveCfg = Debug|x86
		{6B80C4EB-9982-47C0-A127-AE46440E1F22}.Debug|x86.Build.0 = Debug|x86
		{6B80C4EB-9982-47C0-A127-AE46440E1F22}.Release|Any CPU.ActiveCfg = Release|Any CPU
		{6B80C4EB-9982-47C0-A127-AE46440E1F22}.Release|Any CPU.Build.0 = Release|Any CPU
		{6B80C4EB-9982-47C0-A127-AE46440E1F22}.Release|x86.ActiveCfg = Release|x86
		{6B80C4EB-9982-47C0-A127-AE46440E1F22}.Release|x86.Build.0 = Release|x86
		{D15B296F-7EBC-43AA-BD2B-0292AA5F9A38}.Debug|Any CPU.ActiveCfg = Debug|Any CPU
		{D15B296F-7EBC-43AA-BD2B-0292AA5F9A38}.Debug|Any CPU.Build.0 = Debug|Any CPU
		{D15B296F-7EBC-43AA-BD2B-0292AA5F9A38}.Debug|x86.ActiveCfg = Debug|x86
		{D15B296F-7EBC-43AA-BD2B-0292AA5F9A38}.Debug|x86.Build.0 = Debug|x86
		{D15B296F-7EBC-43AA-BD2B-0292AA5F9A38}.Release|Any CPU.ActiveCfg = Release|Any CPU
		{D15B296F-7EBC-43AA-BD2B-0292AA5F9A38}.Release|Any CPU.Build.0 = Release|Any CPU
		{D15B296F-7EBC-43AA-BD2B-0292AA5F9A38}.Release|x86.ActiveCfg = Release|x86
		{D15B296F-7EBC-43AA-BD2B-0292AA5F9A38}.Release|x86.Build.0 = Release|x86
		{696C2264-99E4-40C0-B5B3-D765F3A16605}.Debug|Any CPU.ActiveCfg = Debug|Any CPU
		{696C2264-99E4-40C0-B5B3-D765F3A16605}.Debug|Any CPU.Build.0 = Debug|Any CPU
		{696C2264-99E4-40C0-B5B3-D765F3A16605}.Debug|x86.ActiveCfg = Debug|x86
		{696C2264-99E4-40C0-B5B3-D765F3A16605}.Debug|x86.Build.0 = Debug|x86
		{696C2264-99E4-40C0-B5B3-D765F3A16605}.Release|Any CPU.ActiveCfg = Release|Any CPU
		{696C2264-99E4-40C0-B5B3-D765F3A16605}.Release|Any CPU.Build.0 = Release|Any CPU
		{696C2264-99E4-40C0-B5B3-D765F3A16605}.Release|x86.ActiveCfg = Release|x86
		{696C2264-99E4-40C0-B5B3-D765F3A16605}.Release|x86.Build.0 = Release|x86
	EndGlobalSection
	GlobalSection(SolutionProperties) = preSolution
		HideSolutionNode = FALSE
	EndGlobalSection
EndGlobal
