
Microsoft Visual Studio Solution File, Format Version 10.00
# Visual Studio 2008
Project("{2150E333-8FDC-42A3-9474-1A3956D46DE8}") = "Solution Items", "Solution Items", "{62BF0BBD-313B-448C-A434-B1DD5FEFF10C}"
EndProject
Project("{FAE04EC0-301F-11D3-BF4B-00C04F79EFBC}") = "XmlRpc_Wrapper", "XmlRpc_Wrapper\XmlRpc_Wrapper.csproj", "{8B7DB66C-9C03-4078-9276-B6A760CD4C2C}"
EndProject
Project("{FAE04EC0-301F-11D3-BF4B-00C04F79EFBC}") = "ROS_C-Sharp", "EricIsAMAZING\ROS_C-Sharp.csproj", "{586A3B66-104A-4182-82C2-88DC120F10AC}"
EndProject
Project("{FAE04EC0-301F-11D3-BF4B-00C04F79EFBC}") = "ROS_ImageWPF", "ROS_ImageUtils\ROS_ImageWPF.csproj", "{E0E04AFE-E2CF-4A04-A331-76FE05DCC749}"
EndProject
Project("{FAE04EC0-301F-11D3-BF4B-00C04F79EFBC}") = "DREAMPioneer", "DREAMPioneer\DREAMPioneer\DREAMPioneer.csproj", "{48F383FF-33CE-4AB0-9D80-E9B3E7521318}"
EndProject
Project("{FAE04EC0-301F-11D3-BF4B-00C04F79EFBC}") = "DREAMController", "..\lib_dreamcontroller\DREAMController.csproj", "{1E65B163-65FF-4E23-9B31-9C72AD4DAD47}"
EndProject
Project("{FAE04EC0-301F-11D3-BF4B-00C04F79EFBC}") = "GenericTouchTypes", "..\lib_dreamcontroller\lib_generictouchtypes\GenericTouchTypes\GenericTouchTypes.csproj", "{A97E4991-EC24-4A9E-9073-CD1E37D50405}"
EndProject
Project("{FAE04EC0-301F-11D3-BF4B-00C04F79EFBC}") = "GenericTypes-Surface_Adapter", "..\lib_dreamcontroller\lib_generictouchtypes\SurfaceAdapter\GenericTypes-Surface_Adapter.csproj", "{94F5F99C-DB1F-467C-8F76-8357677051AD}"
EndProject
Project("{FAE04EC0-301F-11D3-BF4B-00C04F79EFBC}") = "XMLConfigurator", "..\lib_dreamcontroller\lib_xmlconfigurator\XMLConfigurator.csproj", "{803F28A3-6B9D-40C3-B480-16E2B9F4C4C4}"
EndProject
Project("{FAE04EC0-301F-11D3-BF4B-00C04F79EFBC}") = "EM3MTouchLib", "..\lib_3mtouchdrivers\lib_3mtouchdrivers\EM3MTouchLib\EM3MTouchLib.csproj", "{5062C99F-6244-4C4E-873F-46F6CCD15EE0}"
EndProject
Project("{FAE04EC0-301F-11D3-BF4B-00C04F79EFBC}") = "YAMLParser", "YAMLParser\YAMLParser.csproj", "{EFD1C674-0E1B-44E4-8AC9-DC9CCA7DCDCD}"
EndProject
Global
	GlobalSection(SolutionConfigurationPlatforms) = preSolution
		Debug|Any CPU = Debug|Any CPU
		Debug|Mixed Platforms = Debug|Mixed Platforms
		Debug|Win32 = Debug|Win32
		Debug|x86 = Debug|x86
		GunItAndRunIt|Any CPU = GunItAndRunIt|Any CPU
		GunItAndRunIt|Mixed Platforms = GunItAndRunIt|Mixed Platforms
		GunItAndRunIt|Win32 = GunItAndRunIt|Win32
		GunItAndRunIt|x86 = GunItAndRunIt|x86
		Release|Any CPU = Release|Any CPU
		Release|Mixed Platforms = Release|Mixed Platforms
		Release|Win32 = Release|Win32
		Release|x86 = Release|x86
		Surface|Any CPU = Surface|Any CPU
		Surface|Mixed Platforms = Surface|Mixed Platforms
		Surface|Win32 = Surface|Win32
		Surface|x86 = Surface|x86
		Template|Any CPU = Template|Any CPU
		Template|Mixed Platforms = Template|Mixed Platforms
		Template|Win32 = Template|Win32
		Template|x86 = Template|x86
	EndGlobalSection
	GlobalSection(ProjectConfigurationPlatforms) = postSolution
		{8B7DB66C-9C03-4078-9276-B6A760CD4C2C}.Debug|Any CPU.ActiveCfg = Debug|Any CPU
		{8B7DB66C-9C03-4078-9276-B6A760CD4C2C}.Debug|Any CPU.Build.0 = Debug|Any CPU
		{8B7DB66C-9C03-4078-9276-B6A760CD4C2C}.Debug|Mixed Platforms.ActiveCfg = Debug|Any CPU
		{8B7DB66C-9C03-4078-9276-B6A760CD4C2C}.Debug|Mixed Platforms.Build.0 = Debug|Any CPU
		{8B7DB66C-9C03-4078-9276-B6A760CD4C2C}.Debug|Win32.ActiveCfg = Debug|Any CPU
		{8B7DB66C-9C03-4078-9276-B6A760CD4C2C}.Debug|x86.ActiveCfg = Debug|Any CPU
		{8B7DB66C-9C03-4078-9276-B6A760CD4C2C}.GunItAndRunIt|Any CPU.ActiveCfg = Release|Any CPU
		{8B7DB66C-9C03-4078-9276-B6A760CD4C2C}.GunItAndRunIt|Any CPU.Build.0 = Release|Any CPU
		{8B7DB66C-9C03-4078-9276-B6A760CD4C2C}.GunItAndRunIt|Mixed Platforms.ActiveCfg = Release|Any CPU
		{8B7DB66C-9C03-4078-9276-B6A760CD4C2C}.GunItAndRunIt|Mixed Platforms.Build.0 = Release|Any CPU
		{8B7DB66C-9C03-4078-9276-B6A760CD4C2C}.GunItAndRunIt|Win32.ActiveCfg = Release|Any CPU
		{8B7DB66C-9C03-4078-9276-B6A760CD4C2C}.GunItAndRunIt|x86.ActiveCfg = Release|Any CPU
		{8B7DB66C-9C03-4078-9276-B6A760CD4C2C}.Release|Any CPU.ActiveCfg = Release|Any CPU
		{8B7DB66C-9C03-4078-9276-B6A760CD4C2C}.Release|Any CPU.Build.0 = Release|Any CPU
		{8B7DB66C-9C03-4078-9276-B6A760CD4C2C}.Release|Mixed Platforms.ActiveCfg = Release|Any CPU
		{8B7DB66C-9C03-4078-9276-B6A760CD4C2C}.Release|Mixed Platforms.Build.0 = Release|Any CPU
		{8B7DB66C-9C03-4078-9276-B6A760CD4C2C}.Release|Win32.ActiveCfg = Release|Any CPU
		{8B7DB66C-9C03-4078-9276-B6A760CD4C2C}.Release|x86.ActiveCfg = Release|Any CPU
		{8B7DB66C-9C03-4078-9276-B6A760CD4C2C}.Surface|Any CPU.ActiveCfg = Release|Any CPU
		{8B7DB66C-9C03-4078-9276-B6A760CD4C2C}.Surface|Any CPU.Build.0 = Release|Any CPU
		{8B7DB66C-9C03-4078-9276-B6A760CD4C2C}.Surface|Mixed Platforms.ActiveCfg = Debug|Any CPU
		{8B7DB66C-9C03-4078-9276-B6A760CD4C2C}.Surface|Mixed Platforms.Build.0 = Debug|Any CPU
		{8B7DB66C-9C03-4078-9276-B6A760CD4C2C}.Surface|Win32.ActiveCfg = Release|Any CPU
		{8B7DB66C-9C03-4078-9276-B6A760CD4C2C}.Surface|x86.ActiveCfg = Release|Any CPU
		{8B7DB66C-9C03-4078-9276-B6A760CD4C2C}.Template|Any CPU.ActiveCfg = Release|Any CPU
		{8B7DB66C-9C03-4078-9276-B6A760CD4C2C}.Template|Any CPU.Build.0 = Release|Any CPU
		{8B7DB66C-9C03-4078-9276-B6A760CD4C2C}.Template|Mixed Platforms.ActiveCfg = Release|Any CPU
		{8B7DB66C-9C03-4078-9276-B6A760CD4C2C}.Template|Mixed Platforms.Build.0 = Release|Any CPU
		{8B7DB66C-9C03-4078-9276-B6A760CD4C2C}.Template|Win32.ActiveCfg = Release|Any CPU
		{8B7DB66C-9C03-4078-9276-B6A760CD4C2C}.Template|x86.ActiveCfg = Release|Any CPU
		{586A3B66-104A-4182-82C2-88DC120F10AC}.Debug|Any CPU.ActiveCfg = Debug|Any CPU
		{586A3B66-104A-4182-82C2-88DC120F10AC}.Debug|Any CPU.Build.0 = Debug|Any CPU
		{586A3B66-104A-4182-82C2-88DC120F10AC}.Debug|Mixed Platforms.ActiveCfg = Debug|Any CPU
		{586A3B66-104A-4182-82C2-88DC120F10AC}.Debug|Mixed Platforms.Build.0 = Debug|Any CPU
		{586A3B66-104A-4182-82C2-88DC120F10AC}.Debug|Win32.ActiveCfg = Debug|Any CPU
		{586A3B66-104A-4182-82C2-88DC120F10AC}.Debug|x86.ActiveCfg = Debug|Any CPU
		{586A3B66-104A-4182-82C2-88DC120F10AC}.GunItAndRunIt|Any CPU.ActiveCfg = Release|Any CPU
		{586A3B66-104A-4182-82C2-88DC120F10AC}.GunItAndRunIt|Any CPU.Build.0 = Release|Any CPU
		{586A3B66-104A-4182-82C2-88DC120F10AC}.GunItAndRunIt|Mixed Platforms.ActiveCfg = Release|Any CPU
		{586A3B66-104A-4182-82C2-88DC120F10AC}.GunItAndRunIt|Mixed Platforms.Build.0 = Release|Any CPU
		{586A3B66-104A-4182-82C2-88DC120F10AC}.GunItAndRunIt|Win32.ActiveCfg = Release|Any CPU
		{586A3B66-104A-4182-82C2-88DC120F10AC}.GunItAndRunIt|x86.ActiveCfg = Release|Any CPU
		{586A3B66-104A-4182-82C2-88DC120F10AC}.Release|Any CPU.ActiveCfg = Release|Any CPU
		{586A3B66-104A-4182-82C2-88DC120F10AC}.Release|Any CPU.Build.0 = Release|Any CPU
		{586A3B66-104A-4182-82C2-88DC120F10AC}.Release|Mixed Platforms.ActiveCfg = Release|Any CPU
		{586A3B66-104A-4182-82C2-88DC120F10AC}.Release|Mixed Platforms.Build.0 = Release|Any CPU
		{586A3B66-104A-4182-82C2-88DC120F10AC}.Release|Win32.ActiveCfg = Release|Any CPU
		{586A3B66-104A-4182-82C2-88DC120F10AC}.Release|x86.ActiveCfg = Release|Any CPU
		{586A3B66-104A-4182-82C2-88DC120F10AC}.Surface|Any CPU.ActiveCfg = Release|Any CPU
		{586A3B66-104A-4182-82C2-88DC120F10AC}.Surface|Any CPU.Build.0 = Release|Any CPU
		{586A3B66-104A-4182-82C2-88DC120F10AC}.Surface|Mixed Platforms.ActiveCfg = Debug|Any CPU
		{586A3B66-104A-4182-82C2-88DC120F10AC}.Surface|Mixed Platforms.Build.0 = Debug|Any CPU
		{586A3B66-104A-4182-82C2-88DC120F10AC}.Surface|Win32.ActiveCfg = Release|Any CPU
		{586A3B66-104A-4182-82C2-88DC120F10AC}.Surface|x86.ActiveCfg = Release|Any CPU
		{586A3B66-104A-4182-82C2-88DC120F10AC}.Template|Any CPU.ActiveCfg = Release|Any CPU
		{586A3B66-104A-4182-82C2-88DC120F10AC}.Template|Any CPU.Build.0 = Release|Any CPU
		{586A3B66-104A-4182-82C2-88DC120F10AC}.Template|Mixed Platforms.ActiveCfg = Release|Any CPU
		{586A3B66-104A-4182-82C2-88DC120F10AC}.Template|Mixed Platforms.Build.0 = Release|Any CPU
		{586A3B66-104A-4182-82C2-88DC120F10AC}.Template|Win32.ActiveCfg = Release|Any CPU
		{586A3B66-104A-4182-82C2-88DC120F10AC}.Template|x86.ActiveCfg = Release|Any CPU
		{E0E04AFE-E2CF-4A04-A331-76FE05DCC749}.Debug|Any CPU.ActiveCfg = Debug|Any CPU
		{E0E04AFE-E2CF-4A04-A331-76FE05DCC749}.Debug|Any CPU.Build.0 = Debug|Any CPU
		{E0E04AFE-E2CF-4A04-A331-76FE05DCC749}.Debug|Mixed Platforms.ActiveCfg = Debug|Any CPU
		{E0E04AFE-E2CF-4A04-A331-76FE05DCC749}.Debug|Mixed Platforms.Build.0 = Debug|Any CPU
		{E0E04AFE-E2CF-4A04-A331-76FE05DCC749}.Debug|Win32.ActiveCfg = Debug|Any CPU
		{E0E04AFE-E2CF-4A04-A331-76FE05DCC749}.Debug|x86.ActiveCfg = Debug|Any CPU
		{E0E04AFE-E2CF-4A04-A331-76FE05DCC749}.GunItAndRunIt|Any CPU.ActiveCfg = Release|Any CPU
		{E0E04AFE-E2CF-4A04-A331-76FE05DCC749}.GunItAndRunIt|Any CPU.Build.0 = Release|Any CPU
		{E0E04AFE-E2CF-4A04-A331-76FE05DCC749}.GunItAndRunIt|Mixed Platforms.ActiveCfg = Release|Any CPU
		{E0E04AFE-E2CF-4A04-A331-76FE05DCC749}.GunItAndRunIt|Mixed Platforms.Build.0 = Release|Any CPU
		{E0E04AFE-E2CF-4A04-A331-76FE05DCC749}.GunItAndRunIt|Win32.ActiveCfg = Release|Any CPU
		{E0E04AFE-E2CF-4A04-A331-76FE05DCC749}.GunItAndRunIt|x86.ActiveCfg = Release|Any CPU
		{E0E04AFE-E2CF-4A04-A331-76FE05DCC749}.Release|Any CPU.ActiveCfg = Release|Any CPU
		{E0E04AFE-E2CF-4A04-A331-76FE05DCC749}.Release|Any CPU.Build.0 = Release|Any CPU
		{E0E04AFE-E2CF-4A04-A331-76FE05DCC749}.Release|Mixed Platforms.ActiveCfg = Release|Any CPU
		{E0E04AFE-E2CF-4A04-A331-76FE05DCC749}.Release|Mixed Platforms.Build.0 = Release|Any CPU
		{E0E04AFE-E2CF-4A04-A331-76FE05DCC749}.Release|Win32.ActiveCfg = Release|Any CPU
		{E0E04AFE-E2CF-4A04-A331-76FE05DCC749}.Release|x86.ActiveCfg = Release|Any CPU
		{E0E04AFE-E2CF-4A04-A331-76FE05DCC749}.Surface|Any CPU.ActiveCfg = Release|Any CPU
		{E0E04AFE-E2CF-4A04-A331-76FE05DCC749}.Surface|Any CPU.Build.0 = Release|Any CPU
		{E0E04AFE-E2CF-4A04-A331-76FE05DCC749}.Surface|Mixed Platforms.ActiveCfg = Debug|Any CPU
		{E0E04AFE-E2CF-4A04-A331-76FE05DCC749}.Surface|Mixed Platforms.Build.0 = Debug|Any CPU
		{E0E04AFE-E2CF-4A04-A331-76FE05DCC749}.Surface|Win32.ActiveCfg = Release|Any CPU
		{E0E04AFE-E2CF-4A04-A331-76FE05DCC749}.Surface|x86.ActiveCfg = Release|Any CPU
		{E0E04AFE-E2CF-4A04-A331-76FE05DCC749}.Template|Any CPU.ActiveCfg = Release|Any CPU
		{E0E04AFE-E2CF-4A04-A331-76FE05DCC749}.Template|Any CPU.Build.0 = Release|Any CPU
		{E0E04AFE-E2CF-4A04-A331-76FE05DCC749}.Template|Mixed Platforms.ActiveCfg = Release|Any CPU
		{E0E04AFE-E2CF-4A04-A331-76FE05DCC749}.Template|Mixed Platforms.Build.0 = Release|Any CPU
		{E0E04AFE-E2CF-4A04-A331-76FE05DCC749}.Template|Win32.ActiveCfg = Release|Any CPU
		{E0E04AFE-E2CF-4A04-A331-76FE05DCC749}.Template|x86.ActiveCfg = Release|Any CPU
		{48F383FF-33CE-4AB0-9D80-E9B3E7521318}.Debug|Any CPU.ActiveCfg = Debug|Any CPU
		{48F383FF-33CE-4AB0-9D80-E9B3E7521318}.Debug|Any CPU.Build.0 = Debug|Any CPU
		{48F383FF-33CE-4AB0-9D80-E9B3E7521318}.Debug|Mixed Platforms.ActiveCfg = Debug|Any CPU
		{48F383FF-33CE-4AB0-9D80-E9B3E7521318}.Debug|Mixed Platforms.Build.0 = Debug|Any CPU
		{48F383FF-33CE-4AB0-9D80-E9B3E7521318}.Debug|Win32.ActiveCfg = Debug|Any CPU
		{48F383FF-33CE-4AB0-9D80-E9B3E7521318}.Debug|x86.ActiveCfg = Debug|Any CPU
		{48F383FF-33CE-4AB0-9D80-E9B3E7521318}.GunItAndRunIt|Any CPU.ActiveCfg = Surface|x86
		{48F383FF-33CE-4AB0-9D80-E9B3E7521318}.GunItAndRunIt|Mixed Platforms.ActiveCfg = Surface|x86
		{48F383FF-33CE-4AB0-9D80-E9B3E7521318}.GunItAndRunIt|Mixed Platforms.Build.0 = Surface|x86
		{48F383FF-33CE-4AB0-9D80-E9B3E7521318}.GunItAndRunIt|Win32.ActiveCfg = Surface|x86
		{48F383FF-33CE-4AB0-9D80-E9B3E7521318}.GunItAndRunIt|x86.ActiveCfg = Surface|x86
		{48F383FF-33CE-4AB0-9D80-E9B3E7521318}.GunItAndRunIt|x86.Build.0 = Surface|x86
		{48F383FF-33CE-4AB0-9D80-E9B3E7521318}.Release|Any CPU.ActiveCfg = Release|Any CPU
		{48F383FF-33CE-4AB0-9D80-E9B3E7521318}.Release|Any CPU.Build.0 = Release|Any CPU
		{48F383FF-33CE-4AB0-9D80-E9B3E7521318}.Release|Mixed Platforms.ActiveCfg = Release|Any CPU
		{48F383FF-33CE-4AB0-9D80-E9B3E7521318}.Release|Mixed Platforms.Build.0 = Release|Any CPU
		{48F383FF-33CE-4AB0-9D80-E9B3E7521318}.Release|Win32.ActiveCfg = Release|Any CPU
		{48F383FF-33CE-4AB0-9D80-E9B3E7521318}.Release|x86.ActiveCfg = Release|Any CPU
		{48F383FF-33CE-4AB0-9D80-E9B3E7521318}.Surface|Any CPU.ActiveCfg = Surface|Any CPU
		{48F383FF-33CE-4AB0-9D80-E9B3E7521318}.Surface|Any CPU.Build.0 = Surface|Any CPU
		{48F383FF-33CE-4AB0-9D80-E9B3E7521318}.Surface|Mixed Platforms.ActiveCfg = Surface|x86
		{48F383FF-33CE-4AB0-9D80-E9B3E7521318}.Surface|Mixed Platforms.Build.0 = Surface|x86
		{48F383FF-33CE-4AB0-9D80-E9B3E7521318}.Surface|Win32.ActiveCfg = Surface|Any CPU
		{48F383FF-33CE-4AB0-9D80-E9B3E7521318}.Surface|x86.ActiveCfg = Surface|Any CPU
		{48F383FF-33CE-4AB0-9D80-E9B3E7521318}.Template|Any CPU.ActiveCfg = Release|Any CPU
		{48F383FF-33CE-4AB0-9D80-E9B3E7521318}.Template|Any CPU.Build.0 = Release|Any CPU
		{48F383FF-33CE-4AB0-9D80-E9B3E7521318}.Template|Mixed Platforms.ActiveCfg = Release|Any CPU
		{48F383FF-33CE-4AB0-9D80-E9B3E7521318}.Template|Mixed Platforms.Build.0 = Release|Any CPU
		{48F383FF-33CE-4AB0-9D80-E9B3E7521318}.Template|Win32.ActiveCfg = Release|Any CPU
		{48F383FF-33CE-4AB0-9D80-E9B3E7521318}.Template|x86.ActiveCfg = Release|Any CPU
		{1E65B163-65FF-4E23-9B31-9C72AD4DAD47}.Debug|Any CPU.ActiveCfg = Debug|Any CPU
		{1E65B163-65FF-4E23-9B31-9C72AD4DAD47}.Debug|Any CPU.Build.0 = Debug|Any CPU
		{1E65B163-65FF-4E23-9B31-9C72AD4DAD47}.Debug|Mixed Platforms.ActiveCfg = Debug|x86
		{1E65B163-65FF-4E23-9B31-9C72AD4DAD47}.Debug|Mixed Platforms.Build.0 = Debug|x86
		{1E65B163-65FF-4E23-9B31-9C72AD4DAD47}.Debug|Win32.ActiveCfg = Debug|x86
		{1E65B163-65FF-4E23-9B31-9C72AD4DAD47}.Debug|x86.ActiveCfg = Debug|x86
		{1E65B163-65FF-4E23-9B31-9C72AD4DAD47}.Debug|x86.Build.0 = Debug|x86
		{1E65B163-65FF-4E23-9B31-9C72AD4DAD47}.GunItAndRunIt|Any CPU.ActiveCfg = Release|x86
		{1E65B163-65FF-4E23-9B31-9C72AD4DAD47}.GunItAndRunIt|Mixed Platforms.ActiveCfg = Release|x86
		{1E65B163-65FF-4E23-9B31-9C72AD4DAD47}.GunItAndRunIt|Mixed Platforms.Build.0 = Release|x86
		{1E65B163-65FF-4E23-9B31-9C72AD4DAD47}.GunItAndRunIt|Win32.ActiveCfg = Release|x86
		{1E65B163-65FF-4E23-9B31-9C72AD4DAD47}.GunItAndRunIt|x86.ActiveCfg = Release|x86
		{1E65B163-65FF-4E23-9B31-9C72AD4DAD47}.GunItAndRunIt|x86.Build.0 = Release|x86
		{1E65B163-65FF-4E23-9B31-9C72AD4DAD47}.Release|Any CPU.ActiveCfg = Release|Any CPU
		{1E65B163-65FF-4E23-9B31-9C72AD4DAD47}.Release|Any CPU.Build.0 = Release|Any CPU
		{1E65B163-65FF-4E23-9B31-9C72AD4DAD47}.Release|Mixed Platforms.ActiveCfg = Release|x86
		{1E65B163-65FF-4E23-9B31-9C72AD4DAD47}.Release|Mixed Platforms.Build.0 = Release|x86
		{1E65B163-65FF-4E23-9B31-9C72AD4DAD47}.Release|Win32.ActiveCfg = Release|x86
		{1E65B163-65FF-4E23-9B31-9C72AD4DAD47}.Release|x86.ActiveCfg = Release|x86
		{1E65B163-65FF-4E23-9B31-9C72AD4DAD47}.Release|x86.Build.0 = Release|x86
		{1E65B163-65FF-4E23-9B31-9C72AD4DAD47}.Surface|Any CPU.ActiveCfg = Release|x86
		{1E65B163-65FF-4E23-9B31-9C72AD4DAD47}.Surface|Mixed Platforms.ActiveCfg = Debug|x86
		{1E65B163-65FF-4E23-9B31-9C72AD4DAD47}.Surface|Mixed Platforms.Build.0 = Debug|x86
		{1E65B163-65FF-4E23-9B31-9C72AD4DAD47}.Surface|Win32.ActiveCfg = Release|x86
		{1E65B163-65FF-4E23-9B31-9C72AD4DAD47}.Surface|x86.ActiveCfg = Release|x86
		{1E65B163-65FF-4E23-9B31-9C72AD4DAD47}.Surface|x86.Build.0 = Release|x86
		{1E65B163-65FF-4E23-9B31-9C72AD4DAD47}.Template|Any CPU.ActiveCfg = Release|x86
		{1E65B163-65FF-4E23-9B31-9C72AD4DAD47}.Template|Mixed Platforms.ActiveCfg = Release|x86
		{1E65B163-65FF-4E23-9B31-9C72AD4DAD47}.Template|Mixed Platforms.Build.0 = Release|x86
		{1E65B163-65FF-4E23-9B31-9C72AD4DAD47}.Template|Win32.ActiveCfg = Release|x86
		{1E65B163-65FF-4E23-9B31-9C72AD4DAD47}.Template|x86.ActiveCfg = Release|x86
		{1E65B163-65FF-4E23-9B31-9C72AD4DAD47}.Template|x86.Build.0 = Release|x86
		{A97E4991-EC24-4A9E-9073-CD1E37D50405}.Debug|Any CPU.ActiveCfg = Debug|Any CPU
		{A97E4991-EC24-4A9E-9073-CD1E37D50405}.Debug|Any CPU.Build.0 = Debug|Any CPU
		{A97E4991-EC24-4A9E-9073-CD1E37D50405}.Debug|Mixed Platforms.ActiveCfg = Debug|x86
		{A97E4991-EC24-4A9E-9073-CD1E37D50405}.Debug|Mixed Platforms.Build.0 = Debug|x86
		{A97E4991-EC24-4A9E-9073-CD1E37D50405}.Debug|Win32.ActiveCfg = Debug|x86
		{A97E4991-EC24-4A9E-9073-CD1E37D50405}.Debug|x86.ActiveCfg = Debug|x86
		{A97E4991-EC24-4A9E-9073-CD1E37D50405}.Debug|x86.Build.0 = Debug|x86
		{A97E4991-EC24-4A9E-9073-CD1E37D50405}.GunItAndRunIt|Any CPU.ActiveCfg = Release|x86
		{A97E4991-EC24-4A9E-9073-CD1E37D50405}.GunItAndRunIt|Mixed Platforms.ActiveCfg = Release|x86
		{A97E4991-EC24-4A9E-9073-CD1E37D50405}.GunItAndRunIt|Mixed Platforms.Build.0 = Release|x86
		{A97E4991-EC24-4A9E-9073-CD1E37D50405}.GunItAndRunIt|Win32.ActiveCfg = Release|x86
		{A97E4991-EC24-4A9E-9073-CD1E37D50405}.GunItAndRunIt|x86.ActiveCfg = Release|x86
		{A97E4991-EC24-4A9E-9073-CD1E37D50405}.GunItAndRunIt|x86.Build.0 = Release|x86
		{A97E4991-EC24-4A9E-9073-CD1E37D50405}.Release|Any CPU.ActiveCfg = Release|Any CPU
		{A97E4991-EC24-4A9E-9073-CD1E37D50405}.Release|Any CPU.Build.0 = Release|Any CPU
		{A97E4991-EC24-4A9E-9073-CD1E37D50405}.Release|Mixed Platforms.ActiveCfg = Release|x86
		{A97E4991-EC24-4A9E-9073-CD1E37D50405}.Release|Mixed Platforms.Build.0 = Release|x86
		{A97E4991-EC24-4A9E-9073-CD1E37D50405}.Release|Win32.ActiveCfg = Release|x86
		{A97E4991-EC24-4A9E-9073-CD1E37D50405}.Release|x86.ActiveCfg = Release|x86
		{A97E4991-EC24-4A9E-9073-CD1E37D50405}.Release|x86.Build.0 = Release|x86
		{A97E4991-EC24-4A9E-9073-CD1E37D50405}.Surface|Any CPU.ActiveCfg = Release|x86
		{A97E4991-EC24-4A9E-9073-CD1E37D50405}.Surface|Mixed Platforms.ActiveCfg = Debug|x86
		{A97E4991-EC24-4A9E-9073-CD1E37D50405}.Surface|Mixed Platforms.Build.0 = Debug|x86
		{A97E4991-EC24-4A9E-9073-CD1E37D50405}.Surface|Win32.ActiveCfg = Release|x86
		{A97E4991-EC24-4A9E-9073-CD1E37D50405}.Surface|x86.ActiveCfg = Release|x86
		{A97E4991-EC24-4A9E-9073-CD1E37D50405}.Surface|x86.Build.0 = Release|x86
		{A97E4991-EC24-4A9E-9073-CD1E37D50405}.Template|Any CPU.ActiveCfg = Release|x86
		{A97E4991-EC24-4A9E-9073-CD1E37D50405}.Template|Mixed Platforms.ActiveCfg = Release|x86
		{A97E4991-EC24-4A9E-9073-CD1E37D50405}.Template|Mixed Platforms.Build.0 = Release|x86
		{A97E4991-EC24-4A9E-9073-CD1E37D50405}.Template|Win32.ActiveCfg = Release|x86
		{A97E4991-EC24-4A9E-9073-CD1E37D50405}.Template|x86.ActiveCfg = Release|x86
		{A97E4991-EC24-4A9E-9073-CD1E37D50405}.Template|x86.Build.0 = Release|x86
		{94F5F99C-DB1F-467C-8F76-8357677051AD}.Debug|Any CPU.ActiveCfg = Debug|Any CPU
		{94F5F99C-DB1F-467C-8F76-8357677051AD}.Debug|Any CPU.Build.0 = Debug|Any CPU
		{94F5F99C-DB1F-467C-8F76-8357677051AD}.Debug|Mixed Platforms.ActiveCfg = Debug|Any CPU
		{94F5F99C-DB1F-467C-8F76-8357677051AD}.Debug|Mixed Platforms.Build.0 = Debug|Any CPU
		{94F5F99C-DB1F-467C-8F76-8357677051AD}.Debug|Win32.ActiveCfg = Debug|Any CPU
		{94F5F99C-DB1F-467C-8F76-8357677051AD}.Debug|x86.ActiveCfg = Debug|Any CPU
		{94F5F99C-DB1F-467C-8F76-8357677051AD}.GunItAndRunIt|Any CPU.ActiveCfg = Release|Any CPU
		{94F5F99C-DB1F-467C-8F76-8357677051AD}.GunItAndRunIt|Any CPU.Build.0 = Release|Any CPU
		{94F5F99C-DB1F-467C-8F76-8357677051AD}.GunItAndRunIt|Mixed Platforms.ActiveCfg = Release|Any CPU
		{94F5F99C-DB1F-467C-8F76-8357677051AD}.GunItAndRunIt|Mixed Platforms.Build.0 = Release|Any CPU
		{94F5F99C-DB1F-467C-8F76-8357677051AD}.GunItAndRunIt|Win32.ActiveCfg = Release|Any CPU
		{94F5F99C-DB1F-467C-8F76-8357677051AD}.GunItAndRunIt|x86.ActiveCfg = Release|Any CPU
		{94F5F99C-DB1F-467C-8F76-8357677051AD}.Release|Any CPU.ActiveCfg = Release|Any CPU
		{94F5F99C-DB1F-467C-8F76-8357677051AD}.Release|Any CPU.Build.0 = Release|Any CPU
		{94F5F99C-DB1F-467C-8F76-8357677051AD}.Release|Mixed Platforms.ActiveCfg = Release|Any CPU
		{94F5F99C-DB1F-467C-8F76-8357677051AD}.Release|Mixed Platforms.Build.0 = Release|Any CPU
		{94F5F99C-DB1F-467C-8F76-8357677051AD}.Release|Win32.ActiveCfg = Release|Any CPU
		{94F5F99C-DB1F-467C-8F76-8357677051AD}.Release|x86.ActiveCfg = Release|Any CPU
		{94F5F99C-DB1F-467C-8F76-8357677051AD}.Surface|Any CPU.ActiveCfg = Release|Any CPU
		{94F5F99C-DB1F-467C-8F76-8357677051AD}.Surface|Any CPU.Build.0 = Release|Any CPU
		{94F5F99C-DB1F-467C-8F76-8357677051AD}.Surface|Mixed Platforms.ActiveCfg = Debug|Any CPU
		{94F5F99C-DB1F-467C-8F76-8357677051AD}.Surface|Mixed Platforms.Build.0 = Debug|Any CPU
		{94F5F99C-DB1F-467C-8F76-8357677051AD}.Surface|Win32.ActiveCfg = Release|Any CPU
		{94F5F99C-DB1F-467C-8F76-8357677051AD}.Surface|x86.ActiveCfg = Release|Any CPU
		{94F5F99C-DB1F-467C-8F76-8357677051AD}.Template|Any CPU.ActiveCfg = Release|Any CPU
		{94F5F99C-DB1F-467C-8F76-8357677051AD}.Template|Any CPU.Build.0 = Release|Any CPU
		{94F5F99C-DB1F-467C-8F76-8357677051AD}.Template|Mixed Platforms.ActiveCfg = Release|Any CPU
		{94F5F99C-DB1F-467C-8F76-8357677051AD}.Template|Mixed Platforms.Build.0 = Release|Any CPU
		{94F5F99C-DB1F-467C-8F76-8357677051AD}.Template|Win32.ActiveCfg = Release|Any CPU
		{94F5F99C-DB1F-467C-8F76-8357677051AD}.Template|x86.ActiveCfg = Release|Any CPU
		{803F28A3-6B9D-40C3-B480-16E2B9F4C4C4}.Debug|Any CPU.ActiveCfg = Debug|Any CPU
		{803F28A3-6B9D-40C3-B480-16E2B9F4C4C4}.Debug|Any CPU.Build.0 = Debug|Any CPU
		{803F28A3-6B9D-40C3-B480-16E2B9F4C4C4}.Debug|Mixed Platforms.ActiveCfg = Debug|x86
		{803F28A3-6B9D-40C3-B480-16E2B9F4C4C4}.Debug|Mixed Platforms.Build.0 = Debug|x86
		{803F28A3-6B9D-40C3-B480-16E2B9F4C4C4}.Debug|Win32.ActiveCfg = Debug|x86
		{803F28A3-6B9D-40C3-B480-16E2B9F4C4C4}.Debug|x86.ActiveCfg = Debug|x86
		{803F28A3-6B9D-40C3-B480-16E2B9F4C4C4}.Debug|x86.Build.0 = Debug|x86
		{803F28A3-6B9D-40C3-B480-16E2B9F4C4C4}.GunItAndRunIt|Any CPU.ActiveCfg = Release|x86
		{803F28A3-6B9D-40C3-B480-16E2B9F4C4C4}.GunItAndRunIt|Mixed Platforms.ActiveCfg = Release|x86
		{803F28A3-6B9D-40C3-B480-16E2B9F4C4C4}.GunItAndRunIt|Mixed Platforms.Build.0 = Release|x86
		{803F28A3-6B9D-40C3-B480-16E2B9F4C4C4}.GunItAndRunIt|Win32.ActiveCfg = Release|x86
		{803F28A3-6B9D-40C3-B480-16E2B9F4C4C4}.GunItAndRunIt|x86.ActiveCfg = Release|x86
		{803F28A3-6B9D-40C3-B480-16E2B9F4C4C4}.GunItAndRunIt|x86.Build.0 = Release|x86
		{803F28A3-6B9D-40C3-B480-16E2B9F4C4C4}.Release|Any CPU.ActiveCfg = Release|Any CPU
		{803F28A3-6B9D-40C3-B480-16E2B9F4C4C4}.Release|Any CPU.Build.0 = Release|Any CPU
		{803F28A3-6B9D-40C3-B480-16E2B9F4C4C4}.Release|Mixed Platforms.ActiveCfg = Release|x86
		{803F28A3-6B9D-40C3-B480-16E2B9F4C4C4}.Release|Mixed Platforms.Build.0 = Release|x86
		{803F28A3-6B9D-40C3-B480-16E2B9F4C4C4}.Release|Win32.ActiveCfg = Release|x86
		{803F28A3-6B9D-40C3-B480-16E2B9F4C4C4}.Release|x86.ActiveCfg = Release|x86
		{803F28A3-6B9D-40C3-B480-16E2B9F4C4C4}.Release|x86.Build.0 = Release|x86
		{803F28A3-6B9D-40C3-B480-16E2B9F4C4C4}.Surface|Any CPU.ActiveCfg = Release|x86
		{803F28A3-6B9D-40C3-B480-16E2B9F4C4C4}.Surface|Mixed Platforms.ActiveCfg = Debug|x86
		{803F28A3-6B9D-40C3-B480-16E2B9F4C4C4}.Surface|Mixed Platforms.Build.0 = Debug|x86
		{803F28A3-6B9D-40C3-B480-16E2B9F4C4C4}.Surface|Win32.ActiveCfg = Release|x86
		{803F28A3-6B9D-40C3-B480-16E2B9F4C4C4}.Surface|x86.ActiveCfg = Release|x86
		{803F28A3-6B9D-40C3-B480-16E2B9F4C4C4}.Surface|x86.Build.0 = Release|x86
		{803F28A3-6B9D-40C3-B480-16E2B9F4C4C4}.Template|Any CPU.ActiveCfg = Release|x86
		{803F28A3-6B9D-40C3-B480-16E2B9F4C4C4}.Template|Mixed Platforms.ActiveCfg = Release|x86
		{803F28A3-6B9D-40C3-B480-16E2B9F4C4C4}.Template|Mixed Platforms.Build.0 = Release|x86
		{803F28A3-6B9D-40C3-B480-16E2B9F4C4C4}.Template|Win32.ActiveCfg = Release|x86
		{803F28A3-6B9D-40C3-B480-16E2B9F4C4C4}.Template|x86.ActiveCfg = Release|x86
		{803F28A3-6B9D-40C3-B480-16E2B9F4C4C4}.Template|x86.Build.0 = Release|x86
		{5062C99F-6244-4C4E-873F-46F6CCD15EE0}.Debug|Any CPU.ActiveCfg = Debug|Any CPU
		{5062C99F-6244-4C4E-873F-46F6CCD15EE0}.Debug|Any CPU.Build.0 = Debug|Any CPU
		{5062C99F-6244-4C4E-873F-46F6CCD15EE0}.Debug|Mixed Platforms.ActiveCfg = Debug|x86
		{5062C99F-6244-4C4E-873F-46F6CCD15EE0}.Debug|Mixed Platforms.Build.0 = Debug|x86
		{5062C99F-6244-4C4E-873F-46F6CCD15EE0}.Debug|Win32.ActiveCfg = Debug|x86
		{5062C99F-6244-4C4E-873F-46F6CCD15EE0}.Debug|x86.ActiveCfg = Debug|x86
		{5062C99F-6244-4C4E-873F-46F6CCD15EE0}.Debug|x86.Build.0 = Debug|x86
		{5062C99F-6244-4C4E-873F-46F6CCD15EE0}.GunItAndRunIt|Any CPU.ActiveCfg = Release|x86
		{5062C99F-6244-4C4E-873F-46F6CCD15EE0}.GunItAndRunIt|Mixed Platforms.ActiveCfg = Release|x86
		{5062C99F-6244-4C4E-873F-46F6CCD15EE0}.GunItAndRunIt|Mixed Platforms.Build.0 = Release|x86
		{5062C99F-6244-4C4E-873F-46F6CCD15EE0}.GunItAndRunIt|Win32.ActiveCfg = Release|x86
		{5062C99F-6244-4C4E-873F-46F6CCD15EE0}.GunItAndRunIt|x86.ActiveCfg = Release|x86
		{5062C99F-6244-4C4E-873F-46F6CCD15EE0}.GunItAndRunIt|x86.Build.0 = Release|x86
		{5062C99F-6244-4C4E-873F-46F6CCD15EE0}.Release|Any CPU.ActiveCfg = Release|Any CPU
		{5062C99F-6244-4C4E-873F-46F6CCD15EE0}.Release|Any CPU.Build.0 = Release|Any CPU
		{5062C99F-6244-4C4E-873F-46F6CCD15EE0}.Release|Mixed Platforms.ActiveCfg = Release|x86
		{5062C99F-6244-4C4E-873F-46F6CCD15EE0}.Release|Mixed Platforms.Build.0 = Release|x86
		{5062C99F-6244-4C4E-873F-46F6CCD15EE0}.Release|Win32.ActiveCfg = Release|x86
		{5062C99F-6244-4C4E-873F-46F6CCD15EE0}.Release|x86.ActiveCfg = Release|x86
		{5062C99F-6244-4C4E-873F-46F6CCD15EE0}.Release|x86.Build.0 = Release|x86
		{5062C99F-6244-4C4E-873F-46F6CCD15EE0}.Surface|Any CPU.ActiveCfg = Release|x86
		{5062C99F-6244-4C4E-873F-46F6CCD15EE0}.Surface|Mixed Platforms.ActiveCfg = Debug|x86
		{5062C99F-6244-4C4E-873F-46F6CCD15EE0}.Surface|Mixed Platforms.Build.0 = Debug|x86
		{5062C99F-6244-4C4E-873F-46F6CCD15EE0}.Surface|Win32.ActiveCfg = Release|x86
		{5062C99F-6244-4C4E-873F-46F6CCD15EE0}.Surface|x86.ActiveCfg = Release|x86
		{5062C99F-6244-4C4E-873F-46F6CCD15EE0}.Surface|x86.Build.0 = Release|x86
		{5062C99F-6244-4C4E-873F-46F6CCD15EE0}.Template|Any CPU.ActiveCfg = Release|x86
		{5062C99F-6244-4C4E-873F-46F6CCD15EE0}.Template|Mixed Platforms.ActiveCfg = Release|x86
		{5062C99F-6244-4C4E-873F-46F6CCD15EE0}.Template|Mixed Platforms.Build.0 = Release|x86
		{5062C99F-6244-4C4E-873F-46F6CCD15EE0}.Template|Win32.ActiveCfg = Release|x86
		{5062C99F-6244-4C4E-873F-46F6CCD15EE0}.Template|x86.ActiveCfg = Release|x86
		{5062C99F-6244-4C4E-873F-46F6CCD15EE0}.Template|x86.Build.0 = Release|x86
		{EFD1C674-0E1B-44E4-8AC9-DC9CCA7DCDCD}.Debug|Any CPU.ActiveCfg = Debug|Any CPU
		{EFD1C674-0E1B-44E4-8AC9-DC9CCA7DCDCD}.Debug|Any CPU.Build.0 = Debug|Any CPU
		{EFD1C674-0E1B-44E4-8AC9-DC9CCA7DCDCD}.Debug|Mixed Platforms.ActiveCfg = Debug|Any CPU
		{EFD1C674-0E1B-44E4-8AC9-DC9CCA7DCDCD}.Debug|Mixed Platforms.Build.0 = Debug|Any CPU
		{EFD1C674-0E1B-44E4-8AC9-DC9CCA7DCDCD}.Debug|Win32.ActiveCfg = Debug|Any CPU
		{EFD1C674-0E1B-44E4-8AC9-DC9CCA7DCDCD}.Debug|x86.ActiveCfg = Debug|x86
		{EFD1C674-0E1B-44E4-8AC9-DC9CCA7DCDCD}.Debug|x86.Build.0 = Debug|x86
		{EFD1C674-0E1B-44E4-8AC9-DC9CCA7DCDCD}.GunItAndRunIt|Any CPU.ActiveCfg = GunItAndRunIt|Any CPU
		{EFD1C674-0E1B-44E4-8AC9-DC9CCA7DCDCD}.GunItAndRunIt|Any CPU.Build.0 = GunItAndRunIt|Any CPU
		{EFD1C674-0E1B-44E4-8AC9-DC9CCA7DCDCD}.GunItAndRunIt|Mixed Platforms.ActiveCfg = GunItAndRunIt|Any CPU
		{EFD1C674-0E1B-44E4-8AC9-DC9CCA7DCDCD}.GunItAndRunIt|Mixed Platforms.Build.0 = GunItAndRunIt|Any CPU
		{EFD1C674-0E1B-44E4-8AC9-DC9CCA7DCDCD}.GunItAndRunIt|Win32.ActiveCfg = GunItAndRunIt|Any CPU
		{EFD1C674-0E1B-44E4-8AC9-DC9CCA7DCDCD}.GunItAndRunIt|x86.ActiveCfg = GunItAndRunIt|x86
		{EFD1C674-0E1B-44E4-8AC9-DC9CCA7DCDCD}.GunItAndRunIt|x86.Build.0 = GunItAndRunIt|x86
		{EFD1C674-0E1B-44E4-8AC9-DC9CCA7DCDCD}.Release|Any CPU.ActiveCfg = Release|Any CPU
		{EFD1C674-0E1B-44E4-8AC9-DC9CCA7DCDCD}.Release|Any CPU.Build.0 = Release|Any CPU
		{EFD1C674-0E1B-44E4-8AC9-DC9CCA7DCDCD}.Release|Mixed Platforms.ActiveCfg = Release|Any CPU
		{EFD1C674-0E1B-44E4-8AC9-DC9CCA7DCDCD}.Release|Mixed Platforms.Build.0 = Release|Any CPU
		{EFD1C674-0E1B-44E4-8AC9-DC9CCA7DCDCD}.Release|Win32.ActiveCfg = Release|Any CPU
		{EFD1C674-0E1B-44E4-8AC9-DC9CCA7DCDCD}.Release|x86.ActiveCfg = Release|x86
		{EFD1C674-0E1B-44E4-8AC9-DC9CCA7DCDCD}.Release|x86.Build.0 = Release|x86
		{EFD1C674-0E1B-44E4-8AC9-DC9CCA7DCDCD}.Surface|Any CPU.ActiveCfg = GunItAndRunIt|Any CPU
		{EFD1C674-0E1B-44E4-8AC9-DC9CCA7DCDCD}.Surface|Any CPU.Build.0 = GunItAndRunIt|Any CPU
		{EFD1C674-0E1B-44E4-8AC9-DC9CCA7DCDCD}.Surface|Mixed Platforms.ActiveCfg = GunItAndRunIt|Any CPU
		{EFD1C674-0E1B-44E4-8AC9-DC9CCA7DCDCD}.Surface|Mixed Platforms.Build.0 = GunItAndRunIt|Any CPU
		{EFD1C674-0E1B-44E4-8AC9-DC9CCA7DCDCD}.Surface|Win32.ActiveCfg = GunItAndRunIt|Any CPU
		{EFD1C674-0E1B-44E4-8AC9-DC9CCA7DCDCD}.Surface|x86.ActiveCfg = GunItAndRunIt|Any CPU
		{EFD1C674-0E1B-44E4-8AC9-DC9CCA7DCDCD}.Template|Any CPU.ActiveCfg = GunItAndRunIt|Any CPU
		{EFD1C674-0E1B-44E4-8AC9-DC9CCA7DCDCD}.Template|Any CPU.Build.0 = GunItAndRunIt|Any CPU
		{EFD1C674-0E1B-44E4-8AC9-DC9CCA7DCDCD}.Template|Mixed Platforms.ActiveCfg = GunItAndRunIt|Any CPU
		{EFD1C674-0E1B-44E4-8AC9-DC9CCA7DCDCD}.Template|Mixed Platforms.Build.0 = GunItAndRunIt|Any CPU
		{EFD1C674-0E1B-44E4-8AC9-DC9CCA7DCDCD}.Template|Win32.ActiveCfg = GunItAndRunIt|Any CPU
		{EFD1C674-0E1B-44E4-8AC9-DC9CCA7DCDCD}.Template|x86.ActiveCfg = GunItAndRunIt|Any CPU
	EndGlobalSection
	GlobalSection(SolutionProperties) = preSolution
		HideSolutionNode = FALSE
	EndGlobalSection
EndGlobal
