
Microsoft Visual Studio Solution File, Format Version 12.00
# Visual Studio 2010
Project("{FAE04EC0-301F-11D3-BF4B-00C04F79EFBC}") = "XmlRpc_Wrapper", "XmlRpc_Wrapper\XmlRpc_Wrapper.csproj", "{8B7DB66C-9C03-4078-9276-B6A760CD4C2C}"
EndProject
Project("{FAE04EC0-301F-11D3-BF4B-00C04F79EFBC}") = "ROS_C-Sharp", "ROS_Comm\ROS_C-Sharp.csproj", "{586A3B66-104A-4182-82C2-88DC120F10AC}"
EndProject
Project("{2150E333-8FDC-42A3-9474-1A3956D46DE8}") = "Solution Items", "Solution Items", "{62BF0BBD-313B-448C-A434-B1DD5FEFF10C}"
	ProjectSection(SolutionItems) = preProject
		Local.testsettings = Local.testsettings
		ROS_dotNET.vsmdi = ROS_dotNET.vsmdi
		TraceAndTestImpact.testsettings = TraceAndTestImpact.testsettings
	EndProjectSection
EndProject
Project("{FAE04EC0-301F-11D3-BF4B-00C04F79EFBC}") = "ROS_ImageWPF", "ROS_ImageUtils\ROS_ImageWPF.csproj", "{E0E04AFE-E2CF-4A04-A331-76FE05DCC749}"
EndProject
Project("{FAE04EC0-301F-11D3-BF4B-00C04F79EFBC}") = "rosmaster", "rosmaster\rosmaster.csproj", "{778019E9-D445-4B87-81FD-AB3E0AA9E536}"
EndProject
Project("{FAE04EC0-301F-11D3-BF4B-00C04F79EFBC}") = "YAMLParser", "YAMLParser\YAMLParser.csproj", "{EFD1C674-0E1B-44E4-8AC9-DC9CCA7DCDCD}"
EndProject
Project("{FAE04EC0-301F-11D3-BF4B-00C04F79EFBC}") = "RosParamClient", "RosParamClient\RosParamClient.csproj", "{6B80C4EB-9982-47C0-A127-AE46440E1F22}"
EndProject
Project("{FAE04EC0-301F-11D3-BF4B-00C04F79EFBC}") = "MD5SumTest", "MD5SumTest\MD5SumTest.csproj", "{D15B296F-7EBC-43AA-BD2B-0292AA5F9A38}"
EndProject
Project("{FAE04EC0-301F-11D3-BF4B-00C04F79EFBC}") = "msg_gen", "msg_gen\msg_gen.csproj", "{B0B3F899-DE04-4792-9FCF-0A62D435392B}"
EndProject
Project("{FAE04EC0-301F-11D3-BF4B-00C04F79EFBC}") = "Spatial", "mathnet-spatial\src\Spatial\Spatial.csproj", "{1F3364C6-9DA3-4006-B83F-6D1335099895}"
EndProject
Project("{FAE04EC0-301F-11D3-BF4B-00C04F79EFBC}") = "MessageSerializationTests", "MessageSerializationTests\MessageSerializationTests.csproj", "{696C2264-99E4-40C0-B5B3-D765F3A16605}"
EndProject
Global
	GlobalSection(TestCaseManagementSettings) = postSolution
		CategoryFile = ROS_dotNET.vsmdi
	EndGlobalSection
	GlobalSection(SolutionConfigurationPlatforms) = preSolution
		Debug|Any CPU = Debug|Any CPU
		Debug|x86 = Debug|x86
		Release|Any CPU = Release|Any CPU
		Release|x86 = Release|x86
	EndGlobalSection
	GlobalSection(ProjectConfigurationPlatforms) = postSolution
		{8B7DB66C-9C03-4078-9276-B6A760CD4C2C}.Debug|Any CPU.ActiveCfg = Debug|Any CPU
		{8B7DB66C-9C03-4078-9276-B6A760CD4C2C}.Debug|Any CPU.Build.0 = Debug|Any CPU
		{8B7DB66C-9C03-4078-9276-B6A760CD4C2C}.Debug|x86.ActiveCfg = Debug|x86
		{8B7DB66C-9C03-4078-9276-B6A760CD4C2C}.Debug|x86.Build.0 = Debug|x86
		{8B7DB66C-9C03-4078-9276-B6A760CD4C2C}.Release|Any CPU.ActiveCfg = Release|Any CPU
		{8B7DB66C-9C03-4078-9276-B6A760CD4C2C}.Release|Any CPU.Build.0 = Release|Any CPU
		{8B7DB66C-9C03-4078-9276-B6A760CD4C2C}.Release|x86.ActiveCfg = Release|x86
		{8B7DB66C-9C03-4078-9276-B6A760CD4C2C}.Release|x86.Build.0 = Release|x86
		{586A3B66-104A-4182-82C2-88DC120F10AC}.Debug|Any CPU.ActiveCfg = Debug|Any CPU
		{586A3B66-104A-4182-82C2-88DC120F10AC}.Debug|Any CPU.Build.0 = Debug|Any CPU
		{586A3B66-104A-4182-82C2-88DC120F10AC}.Debug|x86.ActiveCfg = Debug|x86
		{586A3B66-104A-4182-82C2-88DC120F10AC}.Debug|x86.Build.0 = Debug|x86
		{586A3B66-104A-4182-82C2-88DC120F10AC}.Release|Any CPU.ActiveCfg = Release|Any CPU
		{586A3B66-104A-4182-82C2-88DC120F10AC}.Release|Any CPU.Build.0 = Release|Any CPU
		{586A3B66-104A-4182-82C2-88DC120F10AC}.Release|x86.ActiveCfg = Release|x86
		{586A3B66-104A-4182-82C2-88DC120F10AC}.Release|x86.Build.0 = Release|x86
		{E0E04AFE-E2CF-4A04-A331-76FE05DCC749}.Debug|Any CPU.ActiveCfg = Debug|Any CPU
		{E0E04AFE-E2CF-4A04-A331-76FE05DCC749}.Debug|Any CPU.Build.0 = Debug|Any CPU
		{E0E04AFE-E2CF-4A04-A331-76FE05DCC749}.Debug|x86.ActiveCfg = Debug|x86
		{E0E04AFE-E2CF-4A04-A331-76FE05DCC749}.Debug|x86.Build.0 = Debug|x86
		{E0E04AFE-E2CF-4A04-A331-76FE05DCC749}.Release|Any CPU.ActiveCfg = Release|Any CPU
		{E0E04AFE-E2CF-4A04-A331-76FE05DCC749}.Release|Any CPU.Build.0 = Release|Any CPU
		{E0E04AFE-E2CF-4A04-A331-76FE05DCC749}.Release|x86.ActiveCfg = Release|x86
		{E0E04AFE-E2CF-4A04-A331-76FE05DCC749}.Release|x86.Build.0 = Release|x86
		{778019E9-D445-4B87-81FD-AB3E0AA9E536}.Debug|Any CPU.ActiveCfg = Debug|Any CPU
		{778019E9-D445-4B87-81FD-AB3E0AA9E536}.Debug|Any CPU.Build.0 = Debug|Any CPU
		{778019E9-D445-4B87-81FD-AB3E0AA9E536}.Debug|x86.ActiveCfg = Debug|x86
		{778019E9-D445-4B87-81FD-AB3E0AA9E536}.Debug|x86.Build.0 = Debug|x86
		{778019E9-D445-4B87-81FD-AB3E0AA9E536}.Release|Any CPU.ActiveCfg = Release|Any CPU
		{778019E9-D445-4B87-81FD-AB3E0AA9E536}.Release|Any CPU.Build.0 = Release|Any CPU
		{778019E9-D445-4B87-81FD-AB3E0AA9E536}.Release|x86.ActiveCfg = Release|x86
		{778019E9-D445-4B87-81FD-AB3E0AA9E536}.Release|x86.Build.0 = Release|x86
		{EFD1C674-0E1B-44E4-8AC9-DC9CCA7DCDCD}.Debug|Any CPU.ActiveCfg = Debug|Any CPU
		{EFD1C674-0E1B-44E4-8AC9-DC9CCA7DCDCD}.Debug|Any CPU.Build.0 = Debug|Any CPU
		{EFD1C674-0E1B-44E4-8AC9-DC9CCA7DCDCD}.Debug|x86.ActiveCfg = Debug|x86
		{EFD1C674-0E1B-44E4-8AC9-DC9CCA7DCDCD}.Debug|x86.Build.0 = Debug|x86
		{EFD1C674-0E1B-44E4-8AC9-DC9CCA7DCDCD}.Release|Any CPU.ActiveCfg = Release|Any CPU
		{EFD1C674-0E1B-44E4-8AC9-DC9CCA7DCDCD}.Release|Any CPU.Build.0 = Release|Any CPU
		{EFD1C674-0E1B-44E4-8AC9-DC9CCA7DCDCD}.Release|x86.ActiveCfg = Release|x86
		{EFD1C674-0E1B-44E4-8AC9-DC9CCA7DCDCD}.Release|x86.Build.0 = Release|x86
		{6B80C4EB-9982-47C0-A127-AE46440E1F22}.Debug|Any CPU.ActiveCfg = Debug|Any CPU
		{6B80C4EB-9982-47C0-A127-AE46440E1F22}.Debug|Any CPU.Build.0 = Debug|Any CPU
		{6B80C4EB-9982-47C0-A127-AE46440E1F22}.Debug|x86.ActiveCfg = Debug|x86
		{6B80C4EB-9982-47C0-A127-AE46440E1F22}.Debug|x86.Build.0 = Debug|x86
		{6B80C4EB-9982-47C0-A127-AE46440E1F22}.Release|Any CPU.ActiveCfg = Release|Any CPU
		{6B80C4EB-9982-47C0-A127-AE46440E1F22}.Release|Any CPU.Build.0 = Release|Any CPU
		{6B80C4EB-9982-47C0-A127-AE46440E1F22}.Release|x86.ActiveCfg = Release|x86
		{6B80C4EB-9982-47C0-A127-AE46440E1F22}.Release|x86.Build.0 = Release|x86
		{D15B296F-7EBC-43AA-BD2B-0292AA5F9A38}.Debug|Any CPU.ActiveCfg = Debug|Any CPU
		{D15B296F-7EBC-43AA-BD2B-0292AA5F9A38}.Debug|Any CPU.Build.0 = Debug|Any CPU
		{D15B296F-7EBC-43AA-BD2B-0292AA5F9A38}.Debug|x86.ActiveCfg = Debug|x86
		{D15B296F-7EBC-43AA-BD2B-0292AA5F9A38}.Debug|x86.Build.0 = Debug|x86
		{D15B296F-7EBC-43AA-BD2B-0292AA5F9A38}.Release|Any CPU.ActiveCfg = Release|Any CPU
		{D15B296F-7EBC-43AA-BD2B-0292AA5F9A38}.Release|Any CPU.Build.0 = Release|Any CPU
		{D15B296F-7EBC-43AA-BD2B-0292AA5F9A38}.Release|x86.ActiveCfg = Release|x86
		{D15B296F-7EBC-43AA-BD2B-0292AA5F9A38}.Release|x86.Build.0 = Release|x86
		{B0B3F899-DE04-4792-9FCF-0A62D435392B}.Debug|Any CPU.ActiveCfg = Debug|Any CPU
		{B0B3F899-DE04-4792-9FCF-0A62D435392B}.Debug|Any CPU.Build.0 = Debug|Any CPU
		{B0B3F899-DE04-4792-9FCF-0A62D435392B}.Debug|x86.ActiveCfg = Debug|x86
		{B0B3F899-DE04-4792-9FCF-0A62D435392B}.Debug|x86.Build.0 = Debug|x86
		{B0B3F899-DE04-4792-9FCF-0A62D435392B}.Release|Any CPU.ActiveCfg = Release|Any CPU
		{B0B3F899-DE04-4792-9FCF-0A62D435392B}.Release|Any CPU.Build.0 = Release|Any CPU
		{B0B3F899-DE04-4792-9FCF-0A62D435392B}.Release|x86.ActiveCfg = Release|x86
		{B0B3F899-DE04-4792-9FCF-0A62D435392B}.Release|x86.Build.0 = Release|x86
		{1F3364C6-9DA3-4006-B83F-6D1335099895}.Debug|Any CPU.ActiveCfg = Debug|Any CPU
		{1F3364C6-9DA3-4006-B83F-6D1335099895}.Debug|Any CPU.Build.0 = Debug|Any CPU
		{1F3364C6-9DA3-4006-B83F-6D1335099895}.Debug|x86.ActiveCfg = Debug|Any CPU
		{1F3364C6-9DA3-4006-B83F-6D1335099895}.Debug|x86.Build.0 = Debug|Any CPU
		{1F3364C6-9DA3-4006-B83F-6D1335099895}.Release|Any CPU.ActiveCfg = Release|Any CPU
		{1F3364C6-9DA3-4006-B83F-6D1335099895}.Release|Any CPU.Build.0 = Release|Any CPU
		{1F3364C6-9DA3-4006-B83F-6D1335099895}.Release|x86.ActiveCfg = Release|Any CPU
		{1F3364C6-9DA3-4006-B83F-6D1335099895}.Release|x86.Build.0 = Release|Any CPU
		{696C2264-99E4-40C0-B5B3-D765F3A16605}.Debug|Any CPU.ActiveCfg = Debug|Any CPU
		{696C2264-99E4-40C0-B5B3-D765F3A16605}.Debug|Any CPU.Build.0 = Debug|Any CPU
		{696C2264-99E4-40C0-B5B3-D765F3A16605}.Debug|x86.ActiveCfg = Debug|x86
		{696C2264-99E4-40C0-B5B3-D765F3A16605}.Debug|x86.Build.0 = Debug|x86
		{696C2264-99E4-40C0-B5B3-D765F3A16605}.Release|Any CPU.ActiveCfg = Release|Any CPU
		{696C2264-99E4-40C0-B5B3-D765F3A16605}.Release|Any CPU.Build.0 = Release|Any CPU
		{696C2264-99E4-40C0-B5B3-D765F3A16605}.Release|x86.ActiveCfg = Release|x86
		{696C2264-99E4-40C0-B5B3-D765F3A16605}.Release|x86.Build.0 = Release|x86
	EndGlobalSection
	GlobalSection(SolutionProperties) = preSolution
		HideSolutionNode = FALSE
	EndGlobalSection
EndGlobal
