
Microsoft Visual Studio Solution File, Format Version 11.00
# Visual Studio 2010
Project("{FAE04EC0-301F-11D3-BF4B-00C04F79EFBC}") = "XmlRpc_Wrapper", "XmlRpc_Wrapper\XmlRpc_Wrapper.csproj", "{8B7DB66C-9C03-4078-9276-B6A760CD4C2C}"
	ProjectSection(ProjectDependencies) = postProject
		{8D413666-0CD1-4783-B9B9-0214C14674AC} = {8D413666-0CD1-4783-B9B9-0214C14674AC}
	EndProjectSection
EndProject
Project("{8BC9CEB8-8B4A-11D0-8D11-00A0C91BC942}") = "XmlRpcWin32", "XmlRpcWin32\XmlRpcWin32.vcxproj", "{8D413666-0CD1-4783-B9B9-0214C14674AC}"
EndProject
Project("{FAE04EC0-301F-11D3-BF4B-00C04F79EFBC}") = "ROS_C-Sharp", "ROS_Comm\ROS_C-Sharp.csproj", "{586A3B66-104A-4182-82C2-88DC120F10AC}"
	ProjectSection(ProjectDependencies) = postProject
		{8D413666-0CD1-4783-B9B9-0214C14674AC} = {8D413666-0CD1-4783-B9B9-0214C14674AC}
	EndProjectSection
EndProject
Project("{2150E333-8FDC-42A3-9474-1A3956D46DE8}") = "Solution Items", "Solution Items", "{62BF0BBD-313B-448C-A434-B1DD5FEFF10C}"
	ProjectSection(SolutionItems) = preProject
		Local.testsettings = Local.testsettings
		ROS_dotNET_ROS_SAMPLES.vsmdi = ROS_dotNET_ROS_SAMPLES.vsmdi
		TraceAndTestImpact.testsettings = TraceAndTestImpact.testsettings
	EndProjectSection
EndProject
Project("{FAE04EC0-301F-11D3-BF4B-00C04F79EFBC}") = "ServiceClientSample", "ServiceClientSample\ServiceClientSample.csproj", "{1A913959-AF59-4EBE-A4EF-41D51F856EF0}"
EndProject
Project("{FAE04EC0-301F-11D3-BF4B-00C04F79EFBC}") = "ServiceServerSample", "ServiceServerSample\ServiceServerSample.csproj", "{6D75A4F8-3C25-49FD-B713-9A5181082244}"
EndProject
Project("{FAE04EC0-301F-11D3-BF4B-00C04F79EFBC}") = "YAMLParser", "YAMLParser\YAMLParser.csproj", "{EFD1C674-0E1B-44E4-8AC9-DC9CCA7DCDCD}"
EndProject
Project("{FAE04EC0-301F-11D3-BF4B-00C04F79EFBC}") = "RosParamClient", "RosParamClient\RosParamClient.csproj", "{6B80C4EB-9982-47C0-A127-AE46440E1F22}"
EndProject
Project("{FAE04EC0-301F-11D3-BF4B-00C04F79EFBC}") = "Talker", "Talker\Talker.csproj", "{0A642FA3-58AB-4DBD-94DD-87948062F559}"
EndProject
Project("{FAE04EC0-301F-11D3-BF4B-00C04F79EFBC}") = "Spatial", "mathnet-spatial\src\Spatial\Spatial.csproj", "{1F3364C6-9DA3-4006-B83F-6D1335099895}"
EndProject
Project("{FAE04EC0-301F-11D3-BF4B-00C04F79EFBC}") = "msg_gen", "msg_gen\msg_gen.csproj", "{B0B3F899-DE04-4792-9FCF-0A62D435392B}"
EndProject
Project("{FAE04EC0-301F-11D3-BF4B-00C04F79EFBC}") = "CompressedImageView", "CompressedImageView\CompressedImageView.csproj", "{684FFC24-B4C8-48B9-8195-1EE725F2312C}"
EndProject
Project("{FAE04EC0-301F-11D3-BF4B-00C04F79EFBC}") = "SimplePublisher", "SimplePublisher\SimplePublisher\SimplePublisher.csproj", "{669CB812-A371-4374-97DE-1857BF34A886}"
EndProject
Project("{FAE04EC0-301F-11D3-BF4B-00C04F79EFBC}") = "SimpleSubscriber", "SimpleSubscriber\SimpleSubscriber\SimpleSubscriber.csproj", "{24AE8542-22EA-4D2A-B589-0882AF18E80B}"
	ProjectSection(ProjectDependencies) = postProject
		{8B7DB66C-9C03-4078-9276-B6A760CD4C2C} = {8B7DB66C-9C03-4078-9276-B6A760CD4C2C}
	EndProjectSection
EndProject
Project("{FAE04EC0-301F-11D3-BF4B-00C04F79EFBC}") = "ROS_ImageWPF", "ROS_ImageUtils\ROS_ImageWPF.csproj", "{E0E04AFE-E2CF-4A04-A331-76FE05DCC749}"
EndProject
Project("{FAE04EC0-301F-11D3-BF4B-00C04F79EFBC}") = "tf_example", "tf_example\tf_example.csproj", "{DC786B4E-091F-4C7F-8812-EF09D7BFE290}"
EndProject
Global
	GlobalSection(TestCaseManagementSettings) = postSolution
		CategoryFile = ROS_dotNET_ROS_SAMPLES.vsmdi
	EndGlobalSection
	GlobalSection(SolutionConfigurationPlatforms) = preSolution
		Debug|x86 = Debug|x86
		Release|x86 = Release|x86
	EndGlobalSection
	GlobalSection(ProjectConfigurationPlatforms) = postSolution
		{8B7DB66C-9C03-4078-9276-B6A760CD4C2C}.Debug|x86.ActiveCfg = Debug|x86
		{8B7DB66C-9C03-4078-9276-B6A760CD4C2C}.Debug|x86.Build.0 = Debug|x86
		{8B7DB66C-9C03-4078-9276-B6A760CD4C2C}.Release|x86.ActiveCfg = Release|x86
		{8B7DB66C-9C03-4078-9276-B6A760CD4C2C}.Release|x86.Build.0 = Release|x86
		{8D413666-0CD1-4783-B9B9-0214C14674AC}.Debug|x86.ActiveCfg = Debug|Win32
		{8D413666-0CD1-4783-B9B9-0214C14674AC}.Debug|x86.Build.0 = Debug|Win32
		{8D413666-0CD1-4783-B9B9-0214C14674AC}.Release|x86.ActiveCfg = Release|Win32
		{8D413666-0CD1-4783-B9B9-0214C14674AC}.Release|x86.Build.0 = Release|Win32
		{586A3B66-104A-4182-82C2-88DC120F10AC}.Debug|x86.ActiveCfg = Debug|x86
		{586A3B66-104A-4182-82C2-88DC120F10AC}.Debug|x86.Build.0 = Debug|x86
		{586A3B66-104A-4182-82C2-88DC120F10AC}.Release|x86.ActiveCfg = Release|x86
		{586A3B66-104A-4182-82C2-88DC120F10AC}.Release|x86.Build.0 = Release|x86
		{1A913959-AF59-4EBE-A4EF-41D51F856EF0}.Debug|x86.ActiveCfg = Debug|x86
		{1A913959-AF59-4EBE-A4EF-41D51F856EF0}.Debug|x86.Build.0 = Debug|x86
		{1A913959-AF59-4EBE-A4EF-41D51F856EF0}.Release|x86.ActiveCfg = Release|x86
		{1A913959-AF59-4EBE-A4EF-41D51F856EF0}.Release|x86.Build.0 = Release|x86
		{6D75A4F8-3C25-49FD-B713-9A5181082244}.Debug|x86.ActiveCfg = Debug|x86
		{6D75A4F8-3C25-49FD-B713-9A5181082244}.Debug|x86.Build.0 = Debug|x86
		{6D75A4F8-3C25-49FD-B713-9A5181082244}.Release|x86.ActiveCfg = Release|x86
		{6D75A4F8-3C25-49FD-B713-9A5181082244}.Release|x86.Build.0 = Release|x86
		{EFD1C674-0E1B-44E4-8AC9-DC9CCA7DCDCD}.Debug|x86.ActiveCfg = Debug|x86
		{EFD1C674-0E1B-44E4-8AC9-DC9CCA7DCDCD}.Debug|x86.Build.0 = Debug|x86
		{EFD1C674-0E1B-44E4-8AC9-DC9CCA7DCDCD}.Release|x86.ActiveCfg = Release|x86
		{EFD1C674-0E1B-44E4-8AC9-DC9CCA7DCDCD}.Release|x86.Build.0 = Release|x86
		{6B80C4EB-9982-47C0-A127-AE46440E1F22}.Debug|x86.ActiveCfg = Debug|x86
		{6B80C4EB-9982-47C0-A127-AE46440E1F22}.Debug|x86.Build.0 = Debug|x86
		{6B80C4EB-9982-47C0-A127-AE46440E1F22}.Release|x86.ActiveCfg = Release|x86
		{6B80C4EB-9982-47C0-A127-AE46440E1F22}.Release|x86.Build.0 = Release|x86
		{0A642FA3-58AB-4DBD-94DD-87948062F559}.Debug|x86.ActiveCfg = Debug|x86
		{0A642FA3-58AB-4DBD-94DD-87948062F559}.Debug|x86.Build.0 = Debug|x86
		{0A642FA3-58AB-4DBD-94DD-87948062F559}.Release|x86.ActiveCfg = Release|x86
		{0A642FA3-58AB-4DBD-94DD-87948062F559}.Release|x86.Build.0 = Release|x86
		{1F3364C6-9DA3-4006-B83F-6D1335099895}.Debug|x86.ActiveCfg = Debug|Any CPU
		{1F3364C6-9DA3-4006-B83F-6D1335099895}.Debug|x86.Build.0 = Debug|Any CPU
		{1F3364C6-9DA3-4006-B83F-6D1335099895}.Release|x86.ActiveCfg = Release|Any CPU
		{1F3364C6-9DA3-4006-B83F-6D1335099895}.Release|x86.Build.0 = Release|Any CPU
		{B0B3F899-DE04-4792-9FCF-0A62D435392B}.Debug|x86.ActiveCfg = Debug|x86
		{B0B3F899-DE04-4792-9FCF-0A62D435392B}.Debug|x86.Build.0 = Debug|x86
		{B0B3F899-DE04-4792-9FCF-0A62D435392B}.Release|x86.ActiveCfg = Release|x86
		{B0B3F899-DE04-4792-9FCF-0A62D435392B}.Release|x86.Build.0 = Release|x86
		{684FFC24-B4C8-48B9-8195-1EE725F2312C}.Debug|x86.ActiveCfg = Debug|x86
		{684FFC24-B4C8-48B9-8195-1EE725F2312C}.Debug|x86.Build.0 = Debug|x86
		{684FFC24-B4C8-48B9-8195-1EE725F2312C}.Release|x86.ActiveCfg = Release|x86
		{684FFC24-B4C8-48B9-8195-1EE725F2312C}.Release|x86.Build.0 = Release|x86
		{669CB812-A371-4374-97DE-1857BF34A886}.Debug|x86.ActiveCfg = Debug|x86
		{669CB812-A371-4374-97DE-1857BF34A886}.Debug|x86.Build.0 = Debug|x86
		{669CB812-A371-4374-97DE-1857BF34A886}.Release|x86.ActiveCfg = Release|x86
		{669CB812-A371-4374-97DE-1857BF34A886}.Release|x86.Build.0 = Release|x86
		{24AE8542-22EA-4D2A-B589-0882AF18E80B}.Debug|x86.ActiveCfg = Debug|x86
		{24AE8542-22EA-4D2A-B589-0882AF18E80B}.Debug|x86.Build.0 = Debug|x86
		{24AE8542-22EA-4D2A-B589-0882AF18E80B}.Release|x86.ActiveCfg = Release|x86
		{24AE8542-22EA-4D2A-B589-0882AF18E80B}.Release|x86.Build.0 = Release|x86
		{E0E04AFE-E2CF-4A04-A331-76FE05DCC749}.Debug|x86.ActiveCfg = Debug|x86
		{E0E04AFE-E2CF-4A04-A331-76FE05DCC749}.Debug|x86.Build.0 = Debug|x86
		{E0E04AFE-E2CF-4A04-A331-76FE05DCC749}.Release|x86.ActiveCfg = Release|x86
		{E0E04AFE-E2CF-4A04-A331-76FE05DCC749}.Release|x86.Build.0 = Release|x86
		{DC786B4E-091F-4C7F-8812-EF09D7BFE290}.Debug|x86.ActiveCfg = Debug|x86
		{DC786B4E-091F-4C7F-8812-EF09D7BFE290}.Debug|x86.Build.0 = Debug|x86
		{DC786B4E-091F-4C7F-8812-EF09D7BFE290}.Release|x86.ActiveCfg = Release|x86
		{DC786B4E-091F-4C7F-8812-EF09D7BFE290}.Release|x86.Build.0 = Release|x86
	EndGlobalSection
	GlobalSection(SolutionProperties) = preSolution
		HideSolutionNode = FALSE
	EndGlobalSection
EndGlobal
