
Microsoft Visual Studio Solution File, Format Version 11.00
# Visual Studio 2010
Project("{FAE04EC0-301F-11D3-BF4B-00C04F79EFBC}") = "XmlRpc_Wrapper", "XmlRpc_Wrapper\XmlRpc_Wrapper.csproj", "{8B7DB66C-9C03-4078-9276-B6A760CD4C2C}"
	ProjectSection(ProjectDependencies) = postProject
		{8D413666-0CD1-4783-B9B9-0214C14674AC} = {8D413666-0CD1-4783-B9B9-0214C14674AC}
	EndProjectSection
EndProject
Project("{8BC9CEB8-8B4A-11D0-8D11-00A0C91BC942}") = "XmlRpcWin32", "XmlRpcWin32\XmlRpcWin32.vcxproj", "{8D413666-0CD1-4783-B9B9-0214C14674AC}"
EndProject
Project("{FAE04EC0-301F-11D3-BF4B-00C04F79EFBC}") = "ROS_C-Sharp", "ROS_Comm\ROS_C-Sharp.csproj", "{586A3B66-104A-4182-82C2-88DC120F10AC}"
	ProjectSection(ProjectDependencies) = postProject
		{8D413666-0CD1-4783-B9B9-0214C14674AC} = {8D413666-0CD1-4783-B9B9-0214C14674AC}
	EndProjectSection
EndProject
Project("{2150E333-8FDC-42A3-9474-1A3956D46DE8}") = "Solution Items", "Solution Items", "{62BF0BBD-313B-448C-A434-B1DD5FEFF10C}"
	ProjectSection(SolutionItems) = preProject
		Local.testsettings = Local.testsettings
		Template_ROS_dotNET.vsmdi = Template_ROS_dotNET.vsmdi
		TraceAndTestImpact.testsettings = TraceAndTestImpact.testsettings
	EndProjectSection
EndProject
Project("{FAE04EC0-301F-11D3-BF4B-00C04F79EFBC}") = "YAMLParser", "YAMLParser\YAMLParser.csproj", "{EFD1C674-0E1B-44E4-8AC9-DC9CCA7DCDCD}"
EndProject
Project("{FAE04EC0-301F-11D3-BF4B-00C04F79EFBC}") = "msg_gen", "msg_gen\msg_gen.csproj", "{B0B3F899-DE04-4792-9FCF-0A62D435392B}"
EndProject
Project("{FAE04EC0-301F-11D3-BF4B-00C04F79EFBC}") = "Spatial", "mathnet-spatial\src\Spatial\Spatial.csproj", "{1F3364C6-9DA3-4006-B83F-6D1335099895}"
EndProject
Global
	GlobalSection(TestCaseManagementSettings) = postSolution
		CategoryFile = Template_ROS_dotNET.vsmdi
	EndGlobalSection
	GlobalSection(SolutionConfigurationPlatforms) = preSolution
		Debug|x86 = Debug|x86
		Release|x86 = Release|x86
	EndGlobalSection
	GlobalSection(ProjectConfigurationPlatforms) = postSolution
		{8B7DB66C-9C03-4078-9276-B6A760CD4C2C}.Debug|x86.ActiveCfg = Debug|x86
		{8B7DB66C-9C03-4078-9276-B6A760CD4C2C}.Debug|x86.Build.0 = Debug|x86
		{8B7DB66C-9C03-4078-9276-B6A760CD4C2C}.Release|x86.ActiveCfg = Release|x86
		{8B7DB66C-9C03-4078-9276-B6A760CD4C2C}.Release|x86.Build.0 = Release|x86
		{8D413666-0CD1-4783-B9B9-0214C14674AC}.Debug|x86.ActiveCfg = Debug|Win32
		{8D413666-0CD1-4783-B9B9-0214C14674AC}.Debug|x86.Build.0 = Debug|Win32
		{8D413666-0CD1-4783-B9B9-0214C14674AC}.Release|x86.ActiveCfg = Release|Win32
		{8D413666-0CD1-4783-B9B9-0214C14674AC}.Release|x86.Build.0 = Release|Win32
		{586A3B66-104A-4182-82C2-88DC120F10AC}.Debug|x86.ActiveCfg = Debug|x86
		{586A3B66-104A-4182-82C2-88DC120F10AC}.Debug|x86.Build.0 = Debug|x86
		{586A3B66-104A-4182-82C2-88DC120F10AC}.Release|x86.ActiveCfg = Release|x86
		{586A3B66-104A-4182-82C2-88DC120F10AC}.Release|x86.Build.0 = Release|x86
		{EFD1C674-0E1B-44E4-8AC9-DC9CCA7DCDCD}.Debug|x86.ActiveCfg = Debug|x86
		{EFD1C674-0E1B-44E4-8AC9-DC9CCA7DCDCD}.Debug|x86.Build.0 = Debug|x86
		{EFD1C674-0E1B-44E4-8AC9-DC9CCA7DCDCD}.Release|x86.ActiveCfg = Release|x86
		{EFD1C674-0E1B-44E4-8AC9-DC9CCA7DCDCD}.Release|x86.Build.0 = Release|x86
		{B0B3F899-DE04-4792-9FCF-0A62D435392B}.Debug|x86.ActiveCfg = Debug|x86
		{B0B3F899-DE04-4792-9FCF-0A62D435392B}.Debug|x86.Build.0 = Debug|x86
		{B0B3F899-DE04-4792-9FCF-0A62D435392B}.Release|x86.ActiveCfg = Release|x86
		{B0B3F899-DE04-4792-9FCF-0A62D435392B}.Release|x86.Build.0 = Release|x86
		{1F3364C6-9DA3-4006-B83F-6D1335099895}.Debug|x86.ActiveCfg = Debug|Any CPU
		{1F3364C6-9DA3-4006-B83F-6D1335099895}.Debug|x86.Build.0 = Debug|Any CPU
		{1F3364C6-9DA3-4006-B83F-6D1335099895}.Release|x86.ActiveCfg = Release|Any CPU
		{1F3364C6-9DA3-4006-B83F-6D1335099895}.Release|x86.Build.0 = Release|Any CPU
	EndGlobalSection
	GlobalSection(SolutionProperties) = preSolution
		HideSolutionNode = FALSE
	EndGlobalSection
EndGlobal
