
Microsoft Visual Studio Solution File, Format Version 11.00
# Visual Studio 2010
Project("{FAE04EC0-301F-11D3-BF4B-00C04F79EFBC}") = "rosmaster", "rosmaster.csproj", "{778019E9-D445-4B87-81FD-AB3E0AA9E536}"
EndProject
Global
	GlobalSection(SolutionConfigurationPlatforms) = preSolution
		Debug|x86 = Debug|x86
		Release|x86 = Release|x86
	EndGlobalSection
	GlobalSection(ProjectConfigurationPlatforms) = postSolution
		{778019E9-D445-4B87-81FD-AB3E0AA9E536}.Debug|x86.ActiveCfg = Debug|x86
		{778019E9-D445-4B87-81FD-AB3E0AA9E536}.Debug|x86.Build.0 = Debug|x86
		{778019E9-D445-4B87-81FD-AB3E0AA9E536}.Release|x86.ActiveCfg = Release|x86
		{778019E9-D445-4B87-81FD-AB3E0AA9E536}.Release|x86.Build.0 = Release|x86
	EndGlobalSection
	GlobalSection(SolutionProperties) = preSolution
		HideSolutionNode = FALSE
	EndGlobalSection
EndGlobal
